<?xml version="1.0" encoding="utf-8"?>
<Project ToolsVersion="4.0" xmlns="http://schemas.microsoft.com/developer/msbuild/2003">
  <ItemGroup>
    <Filter Include="Vendor">
      <UniqueIdentifier>{b7084904-fc81-4f79-9125-365ce353444a}</UniqueIdentifier>
    </Filter>
    <Filter Include="Vendor\lua">
      <UniqueIdentifier>{a2598b62-6cce-43a7-9ab1-4e20444fec71}</UniqueIdentifier>
    </Filter>
    <Filter Include="Vendor\openssl">
      <UniqueIdentifier>{46c0d042-bb19-451b-b50c-4bb66a5dcd05}</UniqueIdentifier>
    </Filter>
    <Filter Include="Sandbox">
      <UniqueIdentifier>{e568c1b6-f121-403d-87c1-d95752aa6a12}</UniqueIdentifier>
    </Filter>
    <Filter Include="Sandbox\lua">
      <UniqueIdentifier>{63e9e37a-d9db-4d8c-bf19-04cda51c10e4}</UniqueIdentifier>
    </Filter>
    <Filter Include="Sandbox\lua\private">
      <UniqueIdentifier>{5a54ff73-280d-4073-81a2-7c78c7f74428}</UniqueIdentifier>
    </Filter>
    <Filter Include="Sandbox\lua\public">
      <UniqueIdentifier>{4bbbd8e1-4b6c-486b-8d08-d03828f54997}</UniqueIdentifier>
    </Filter>
    <Filter Include="System">
      <UniqueIdentifier>{1944a537-8ddb-41dc-9e9e-002f8f5e1928}</UniqueIdentifier>
    </Filter>
    <Filter Include="System\private">
      <UniqueIdentifier>{fbf407bf-6f70-43db-9e47-aec74a1bae32}</UniqueIdentifier>
    </Filter>
    <Filter Include="System\public">
      <UniqueIdentifier>{617f4b10-ce0f-4a2d-a926-c68f8e5b9d06}</UniqueIdentifier>
    </Filter>
    <Filter Include="Sandbox\lua\module">
      <UniqueIdentifier>{b0903692-c74e-4be9-9317-3fcf135e3237}</UniqueIdentifier>
    </Filter>
    <Filter Include="Vendor\duktape">
      <UniqueIdentifier>{f2cefef0-4cd5-4928-9dac-02d32b558cf7}</UniqueIdentifier>
    </Filter>
    <Filter Include="Sandbox\js">
      <UniqueIdentifier>{7c905a9c-8051-4347-9cdd-deceffad550d}</UniqueIdentifier>
    </Filter>
  </ItemGroup>
  <ItemGroup>
    <ClCompile Include="Vendor\lua\lua.c">
      <Filter>Vendor\lua</Filter>
    </ClCompile>
    <ClCompile Include="Vendor\lua\lundump.c">
      <Filter>Vendor\lua</Filter>
    </ClCompile>
    <ClCompile Include="Vendor\lua\lutf8lib.c">
      <Filter>Vendor\lua</Filter>
    </ClCompile>
    <ClCompile Include="Vendor\lua\lvm.c">
      <Filter>Vendor\lua</Filter>
    </ClCompile>
    <ClCompile Include="Vendor\lua\lzio.c">
      <Filter>Vendor\lua</Filter>
    </ClCompile>
    <ClCompile Include="Vendor\lua\lapi.c">
      <Filter>Vendor\lua</Filter>
    </ClCompile>
    <ClCompile Include="Vendor\lua\lauxlib.c">
      <Filter>Vendor\lua</Filter>
    </ClCompile>
    <ClCompile Include="Vendor\lua\lbaselib.c">
      <Filter>Vendor\lua</Filter>
    </ClCompile>
    <ClCompile Include="Vendor\lua\lcode.c">
      <Filter>Vendor\lua</Filter>
    </ClCompile>
    <ClCompile Include="Vendor\lua\lcorolib.c">
      <Filter>Vendor\lua</Filter>
    </ClCompile>
    <ClCompile Include="Vendor\lua\lctype.c">
      <Filter>Vendor\lua</Filter>
    </ClCompile>
    <ClCompile Include="Vendor\lua\ldblib.c">
      <Filter>Vendor\lua</Filter>
    </ClCompile>
    <ClCompile Include="Vendor\lua\ldebug.c">
      <Filter>Vendor\lua</Filter>
    </ClCompile>
    <ClCompile Include="Vendor\lua\ldo.c">
      <Filter>Vendor\lua</Filter>
    </ClCompile>
    <ClCompile Include="Vendor\lua\ldump.c">
      <Filter>Vendor\lua</Filter>
    </ClCompile>
    <ClCompile Include="Vendor\lua\lfunc.c">
      <Filter>Vendor\lua</Filter>
    </ClCompile>
    <ClCompile Include="Vendor\lua\lgc.c">
      <Filter>Vendor\lua</Filter>
    </ClCompile>
    <ClCompile Include="Vendor\lua\linit.c">
      <Filter>Vendor\lua</Filter>
    </ClCompile>
    <ClCompile Include="Vendor\lua\liolib.c">
      <Filter>Vendor\lua</Filter>
    </ClCompile>
    <ClCompile Include="Vendor\lua\llex.c">
      <Filter>Vendor\lua</Filter>
    </ClCompile>
    <ClCompile Include="Vendor\lua\lmathlib.c">
      <Filter>Vendor\lua</Filter>
    </ClCompile>
    <ClCompile Include="Vendor\lua\lmem.c">
      <Filter>Vendor\lua</Filter>
    </ClCompile>
    <ClCompile Include="Vendor\lua\loadlib.c">
      <Filter>Vendor\lua</Filter>
    </ClCompile>
    <ClCompile Include="Vendor\lua\lobject.c">
      <Filter>Vendor\lua</Filter>
    </ClCompile>
    <ClCompile Include="Vendor\lua\lopcodes.c">
      <Filter>Vendor\lua</Filter>
    </ClCompile>
    <ClCompile Include="Vendor\lua\loslib.c">
      <Filter>Vendor\lua</Filter>
    </ClCompile>
    <ClCompile Include="Vendor\lua\lparser.c">
      <Filter>Vendor\lua</Filter>
    </ClCompile>
    <ClCompile Include="Vendor\lua\lstate.c">
      <Filter>Vendor\lua</Filter>
    </ClCompile>
    <ClCompile Include="Vendor\lua\lstring.c">
      <Filter>Vendor\lua</Filter>
    </ClCompile>
    <ClCompile Include="Vendor\lua\lstrlib.c">
      <Filter>Vendor\lua</Filter>
    </ClCompile>
    <ClCompile Include="Vendor\lua\ltable.c">
      <Filter>Vendor\lua</Filter>
    </ClCompile>
    <ClCompile Include="Vendor\lua\ltablib.c">
      <Filter>Vendor\lua</Filter>
    </ClCompile>
    <ClCompile Include="Vendor\lua\ltests.c">
      <Filter>Vendor\lua</Filter>
    </ClCompile>
    <ClCompile Include="Vendor\lua\ltm.c">
      <Filter>Vendor\lua</Filter>
    </ClCompile>
    <ClCompile Include="Sandbox\lua\private\vm.cpp">
      <Filter>Sandbox\lua\private</Filter>
    </ClCompile>
    <ClCompile Include="System\private\vital.cpp">
      <Filter>System\private</Filter>
    </ClCompile>
    <ClCompile Include="System\private\filesystem.cpp">
      <Filter>System\private</Filter>
    </ClCompile>
    <ClCompile Include="Sandbox\lua\private\index.cpp">
      <Filter>Sandbox\lua\private</Filter>
    </ClCompile>
    <ClCompile Include="Sandbox\lua\module\c++\file.cpp">
      <Filter>Sandbox\lua\module</Filter>
    </ClCompile>
    <ClCompile Include="Sandbox\lua\module\c++\engine.cpp">
      <Filter>Sandbox\lua\module</Filter>
    </ClCompile>
    <ClCompile Include="Sandbox\lua\private\api.cpp">
      <Filter>Sandbox\lua\private</Filter>
    </ClCompile>
    <ClCompile Include="Vendor\duktape\duktape.c">
      <Filter>Vendor\duktape</Filter>
    </ClCompile>
  </ItemGroup>
  <ItemGroup>
    <ClInclude Include="Vendor\lua\lapi.h">
      <Filter>Vendor\lua</Filter>
    </ClInclude>
    <ClInclude Include="Vendor\lua\lauxlib.h">
      <Filter>Vendor\lua</Filter>
    </ClInclude>
    <ClInclude Include="Vendor\lua\lcode.h">
      <Filter>Vendor\lua</Filter>
    </ClInclude>
    <ClInclude Include="Vendor\lua\lctype.h">
      <Filter>Vendor\lua</Filter>
    </ClInclude>
    <ClInclude Include="Vendor\lua\ldebug.h">
      <Filter>Vendor\lua</Filter>
    </ClInclude>
    <ClInclude Include="Vendor\lua\ldo.h">
      <Filter>Vendor\lua</Filter>
    </ClInclude>
    <ClInclude Include="Vendor\lua\lfunc.h">
      <Filter>Vendor\lua</Filter>
    </ClInclude>
    <ClInclude Include="Vendor\lua\lgc.h">
      <Filter>Vendor\lua</Filter>
    </ClInclude>
    <ClInclude Include="Vendor\lua\ljumptab.h">
      <Filter>Vendor\lua</Filter>
    </ClInclude>
    <ClInclude Include="Vendor\lua\llex.h">
      <Filter>Vendor\lua</Filter>
    </ClInclude>
    <ClInclude Include="Vendor\lua\llimits.h">
      <Filter>Vendor\lua</Filter>
    </ClInclude>
    <ClInclude Include="Vendor\lua\lmem.h">
      <Filter>Vendor\lua</Filter>
    </ClInclude>
    <ClInclude Include="Vendor\lua\lobject.h">
      <Filter>Vendor\lua</Filter>
    </ClInclude>
    <ClInclude Include="Vendor\lua\lopcodes.h">
      <Filter>Vendor\lua</Filter>
    </ClInclude>
    <ClInclude Include="Vendor\lua\lopnames.h">
      <Filter>Vendor\lua</Filter>
    </ClInclude>
    <ClInclude Include="Vendor\lua\lparser.h">
      <Filter>Vendor\lua</Filter>
    </ClInclude>
    <ClInclude Include="Vendor\lua\lprefix.h">
      <Filter>Vendor\lua</Filter>
    </ClInclude>
    <ClInclude Include="Vendor\lua\lstate.h">
      <Filter>Vendor\lua</Filter>
    </ClInclude>
    <ClInclude Include="Vendor\lua\lstring.h">
      <Filter>Vendor\lua</Filter>
    </ClInclude>
    <ClInclude Include="Vendor\lua\ltable.h">
      <Filter>Vendor\lua</Filter>
    </ClInclude>
    <ClInclude Include="Vendor\lua\ltests.h">
      <Filter>Vendor\lua</Filter>
    </ClInclude>
    <ClInclude Include="Vendor\lua\ltm.h">
      <Filter>Vendor\lua</Filter>
    </ClInclude>
    <ClInclude Include="Vendor\lua\lua.h">
      <Filter>Vendor\lua</Filter>
    </ClInclude>
    <ClInclude Include="Vendor\lua\luaconf.h">
      <Filter>Vendor\lua</Filter>
    </ClInclude>
    <ClInclude Include="Vendor\lua\lualib.h">
      <Filter>Vendor\lua</Filter>
    </ClInclude>
    <ClInclude Include="Vendor\lua\lundump.h">
      <Filter>Vendor\lua</Filter>
    </ClInclude>
    <ClInclude Include="Vendor\lua\lvm.h">
      <Filter>Vendor\lua</Filter>
    </ClInclude>
    <ClInclude Include="Vendor\lua\lzio.h">
      <Filter>Vendor\lua</Filter>
    </ClInclude>
    <ClInclude Include="Sandbox\lua\public\vm.h">
      <Filter>Sandbox\lua\public</Filter>
    </ClInclude>
    <ClInclude Include="Sandbox\lua\public\index.h">
      <Filter>Sandbox\lua\public</Filter>
    </ClInclude>
    <ClInclude Include="System\public\filesystem.h">
      <Filter>System\public</Filter>
    </ClInclude>
    <ClInclude Include="System\public\vital.h">
      <Filter>System\public</Filter>
    </ClInclude>
    <ClInclude Include="Sandbox\lua\public\api.h">
      <Filter>Sandbox\lua\public</Filter>
    </ClInclude>
    <ClInclude Include="Vendor\duktape\duktape.h">
      <Filter>Vendor\duktape</Filter>
    </ClInclude>
    <ClInclude Include="Vendor\duktape\duk_config.h">
      <Filter>Vendor\duktape</Filter>
    </ClInclude>
    <ClInclude Include="Vendor\openssl\bioerr.h">
      <Filter>Vendor\openssl</Filter>
    </ClInclude>
    <ClInclude Include="Vendor\openssl\blowfish.h">
      <Filter>Vendor\openssl</Filter>
    </ClInclude>
    <ClInclude Include="Vendor\openssl\bn.h">
      <Filter>Vendor\openssl</Filter>
    </ClInclude>
    <ClInclude Include="Vendor\openssl\bnerr.h">
      <Filter>Vendor\openssl</Filter>
    </ClInclude>
    <ClInclude Include="Vendor\openssl\buffer.h">
      <Filter>Vendor\openssl</Filter>
    </ClInclude>
    <ClInclude Include="Vendor\openssl\buffererr.h">
      <Filter>Vendor\openssl</Filter>
    </ClInclude>
    <ClInclude Include="Vendor\openssl\camellia.h">
      <Filter>Vendor\openssl</Filter>
    </ClInclude>
    <ClInclude Include="Vendor\openssl\cast.h">
      <Filter>Vendor\openssl</Filter>
    </ClInclude>
    <ClInclude Include="Vendor\openssl\cmac.h">
      <Filter>Vendor\openssl</Filter>
    </ClInclude>
    <ClInclude Include="Vendor\openssl\cmp_util.h">
      <Filter>Vendor\openssl</Filter>
    </ClInclude>
    <ClInclude Include="Vendor\openssl\cmperr.h">
      <Filter>Vendor\openssl</Filter>
    </ClInclude>
    <ClInclude Include="Vendor\openssl\cmserr.h">
      <Filter>Vendor\openssl</Filter>
    </ClInclude>
    <ClInclude Include="Vendor\openssl\comp.h">
      <Filter>Vendor\openssl</Filter>
    </ClInclude>
    <ClInclude Include="Vendor\openssl\comperr.h">
      <Filter>Vendor\openssl</Filter>
    </ClInclude>
    <ClInclude Include="Vendor\openssl\conf_api.h">
      <Filter>Vendor\openssl</Filter>
    </ClInclude>
    <ClInclude Include="Vendor\openssl\conferr.h">
      <Filter>Vendor\openssl</Filter>
    </ClInclude>
    <ClInclude Include="Vendor\openssl\conftypes.h">
      <Filter>Vendor\openssl</Filter>
    </ClInclude>
    <ClInclude Include="Vendor\openssl\core.h">
      <Filter>Vendor\openssl</Filter>
    </ClInclude>
    <ClInclude Include="Vendor\openssl\core_dispatch.h">
      <Filter>Vendor\openssl</Filter>
    </ClInclude>
    <ClInclude Include="Vendor\openssl\core_names.h">
      <Filter>Vendor\openssl</Filter>
    </ClInclude>
    <ClInclude Include="Vendor\openssl\core_object.h">
      <Filter>Vendor\openssl</Filter>
    </ClInclude>
    <ClInclude Include="Vendor\openssl\crmferr.h">
      <Filter>Vendor\openssl</Filter>
    </ClInclude>
    <ClInclude Include="Vendor\openssl\cryptoerr.h">
      <Filter>Vendor\openssl</Filter>
    </ClInclude>
    <ClInclude Include="Vendor\openssl\cryptoerr_legacy.h">
      <Filter>Vendor\openssl</Filter>
    </ClInclude>
    <ClInclude Include="Vendor\openssl\cterr.h">
      <Filter>Vendor\openssl</Filter>
    </ClInclude>
    <ClInclude Include="Vendor\openssl\decoder.h">
      <Filter>Vendor\openssl</Filter>
    </ClInclude>
    <ClInclude Include="Vendor\openssl\decodererr.h">
      <Filter>Vendor\openssl</Filter>
    </ClInclude>
    <ClInclude Include="Vendor\openssl\des.h">
      <Filter>Vendor\openssl</Filter>
    </ClInclude>
    <ClInclude Include="Vendor\openssl\dh.h">
      <Filter>Vendor\openssl</Filter>
    </ClInclude>
    <ClInclude Include="Vendor\openssl\dherr.h">
      <Filter>Vendor\openssl</Filter>
    </ClInclude>
    <ClInclude Include="Vendor\openssl\dsa.h">
      <Filter>Vendor\openssl</Filter>
    </ClInclude>
    <ClInclude Include="Vendor\openssl\dsaerr.h">
      <Filter>Vendor\openssl</Filter>
    </ClInclude>
    <ClInclude Include="Vendor\openssl\dtls1.h">
      <Filter>Vendor\openssl</Filter>
    </ClInclude>
    <ClInclude Include="Vendor\openssl\e_os2.h">
      <Filter>Vendor\openssl</Filter>
    </ClInclude>
    <ClInclude Include="Vendor\openssl\ebcdic.h">
      <Filter>Vendor\openssl</Filter>
    </ClInclude>
    <ClInclude Include="Vendor\openssl\ec.h">
      <Filter>Vendor\openssl</Filter>
    </ClInclude>
    <ClInclude Include="Vendor\openssl\ecdh.h">
      <Filter>Vendor\openssl</Filter>
    </ClInclude>
    <ClInclude Include="Vendor\openssl\ecdsa.h">
      <Filter>Vendor\openssl</Filter>
    </ClInclude>
    <ClInclude Include="Vendor\openssl\ecerr.h">
      <Filter>Vendor\openssl</Filter>
    </ClInclude>
    <ClInclude Include="Vendor\openssl\encoder.h">
      <Filter>Vendor\openssl</Filter>
    </ClInclude>
    <ClInclude Include="Vendor\openssl\encodererr.h">
      <Filter>Vendor\openssl</Filter>
    </ClInclude>
    <ClInclude Include="Vendor\openssl\engine.h">
      <Filter>Vendor\openssl</Filter>
    </ClInclude>
    <ClInclude Include="Vendor\openssl\engineerr.h">
      <Filter>Vendor\openssl</Filter>
    </ClInclude>
    <ClInclude Include="Vendor\openssl\esserr.h">
      <Filter>Vendor\openssl</Filter>
    </ClInclude>
    <ClInclude Include="Vendor\openssl\evp.h">
      <Filter>Vendor\openssl</Filter>
    </ClInclude>
    <ClInclude Include="Vendor\openssl\evperr.h">
      <Filter>Vendor\openssl</Filter>
    </ClInclude>
    <ClInclude Include="Vendor\openssl\fips_names.h">
      <Filter>Vendor\openssl</Filter>
    </ClInclude>
    <ClInclude Include="Vendor\openssl\hmac.h">
      <Filter>Vendor\openssl</Filter>
    </ClInclude>
    <ClInclude Include="Vendor\openssl\http.h">
      <Filter>Vendor\openssl</Filter>
    </ClInclude>
    <ClInclude Include="Vendor\openssl\httperr.h">
      <Filter>Vendor\openssl</Filter>
    </ClInclude>
    <ClInclude Include="Vendor\openssl\idea.h">
      <Filter>Vendor\openssl</Filter>
    </ClInclude>
    <ClInclude Include="Vendor\openssl\kdf.h">
      <Filter>Vendor\openssl</Filter>
    </ClInclude>
    <ClInclude Include="Vendor\openssl\kdferr.h">
      <Filter>Vendor\openssl</Filter>
    </ClInclude>
    <ClInclude Include="Vendor\openssl\macros.h">
      <Filter>Vendor\openssl</Filter>
    </ClInclude>
    <ClInclude Include="Vendor\openssl\md2.h">
      <Filter>Vendor\openssl</Filter>
    </ClInclude>
    <ClInclude Include="Vendor\openssl\md4.h">
      <Filter>Vendor\openssl</Filter>
    </ClInclude>
    <ClInclude Include="Vendor\openssl\md5.h">
      <Filter>Vendor\openssl</Filter>
    </ClInclude>
    <ClInclude Include="Vendor\openssl\mdc2.h">
      <Filter>Vendor\openssl</Filter>
    </ClInclude>
    <ClInclude Include="Vendor\openssl\modes.h">
      <Filter>Vendor\openssl</Filter>
    </ClInclude>
    <ClInclude Include="Vendor\openssl\obj_mac.h">
      <Filter>Vendor\openssl</Filter>
    </ClInclude>
    <ClInclude Include="Vendor\openssl\objects.h">
      <Filter>Vendor\openssl</Filter>
    </ClInclude>
    <ClInclude Include="Vendor\openssl\objectserr.h">
      <Filter>Vendor\openssl</Filter>
    </ClInclude>
    <ClInclude Include="Vendor\openssl\ocsperr.h">
      <Filter>Vendor\openssl</Filter>
    </ClInclude>
    <ClInclude Include="Vendor\openssl\opensslconf.h">
      <Filter>Vendor\openssl</Filter>
    </ClInclude>
    <ClInclude Include="Vendor\openssl\ossl_typ.h">
      <Filter>Vendor\openssl</Filter>
    </ClInclude>
    <ClInclude Include="Vendor\openssl\param_build.h">
      <Filter>Vendor\openssl</Filter>
    </ClInclude>
    <ClInclude Include="Vendor\openssl\params.h">
      <Filter>Vendor\openssl</Filter>
    </ClInclude>
    <ClInclude Include="Vendor\openssl\pem.h">
      <Filter>Vendor\openssl</Filter>
    </ClInclude>
    <ClInclude Include="Vendor\openssl\pem2.h">
      <Filter>Vendor\openssl</Filter>
    </ClInclude>
    <ClInclude Include="Vendor\openssl\pemerr.h">
      <Filter>Vendor\openssl</Filter>
    </ClInclude>
    <ClInclude Include="Vendor\openssl\pkcs7err.h">
      <Filter>Vendor\openssl</Filter>
    </ClInclude>
    <ClInclude Include="Vendor\openssl\pkcs12err.h">
      <Filter>Vendor\openssl</Filter>
    </ClInclude>
    <ClInclude Include="Vendor\openssl\prov_ssl.h">
      <Filter>Vendor\openssl</Filter>
    </ClInclude>
    <ClInclude Include="Vendor\openssl\proverr.h">
      <Filter>Vendor\openssl</Filter>
    </ClInclude>
    <ClInclude Include="Vendor\openssl\provider.h">
      <Filter>Vendor\openssl</Filter>
    </ClInclude>
    <ClInclude Include="Vendor\openssl\rand.h">
      <Filter>Vendor\openssl</Filter>
    </ClInclude>
    <ClInclude Include="Vendor\openssl\randerr.h">
      <Filter>Vendor\openssl</Filter>
    </ClInclude>
    <ClInclude Include="Vendor\openssl\rc2.h">
      <Filter>Vendor\openssl</Filter>
    </ClInclude>
    <ClInclude Include="Vendor\openssl\rc4.h">
      <Filter>Vendor\openssl</Filter>
    </ClInclude>
    <ClInclude Include="Vendor\openssl\rc5.h">
      <Filter>Vendor\openssl</Filter>
    </ClInclude>
    <ClInclude Include="Vendor\openssl\ripemd.h">
      <Filter>Vendor\openssl</Filter>
    </ClInclude>
    <ClInclude Include="Vendor\openssl\rsa.h">
      <Filter>Vendor\openssl</Filter>
    </ClInclude>
    <ClInclude Include="Vendor\openssl\rsaerr.h">
      <Filter>Vendor\openssl</Filter>
    </ClInclude>
    <ClInclude Include="Vendor\openssl\seed.h">
      <Filter>Vendor\openssl</Filter>
    </ClInclude>
    <ClInclude Include="Vendor\openssl\self_test.h">
      <Filter>Vendor\openssl</Filter>
    </ClInclude>
    <ClInclude Include="Vendor\openssl\sha.h">
      <Filter>Vendor\openssl</Filter>
    </ClInclude>
    <ClInclude Include="Vendor\openssl\srtp.h">
      <Filter>Vendor\openssl</Filter>
    </ClInclude>
    <ClInclude Include="Vendor\openssl\ssl2.h">
      <Filter>Vendor\openssl</Filter>
    </ClInclude>
    <ClInclude Include="Vendor\openssl\ssl3.h">
      <Filter>Vendor\openssl</Filter>
    </ClInclude>
    <ClInclude Include="Vendor\openssl\sslerr.h">
      <Filter>Vendor\openssl</Filter>
    </ClInclude>
    <ClInclude Include="Vendor\openssl\sslerr_legacy.h">
      <Filter>Vendor\openssl</Filter>
    </ClInclude>
    <ClInclude Include="Vendor\openssl\stack.h">
      <Filter>Vendor\openssl</Filter>
    </ClInclude>
    <ClInclude Include="Vendor\openssl\store.h">
      <Filter>Vendor\openssl</Filter>
    </ClInclude>
    <ClInclude Include="Vendor\openssl\storeerr.h">
      <Filter>Vendor\openssl</Filter>
    </ClInclude>
    <ClInclude Include="Vendor\openssl\symhacks.h">
      <Filter>Vendor\openssl</Filter>
    </ClInclude>
    <ClInclude Include="Vendor\openssl\tls1.h">
      <Filter>Vendor\openssl</Filter>
    </ClInclude>
    <ClInclude Include="Vendor\openssl\trace.h">
      <Filter>Vendor\openssl</Filter>
    </ClInclude>
    <ClInclude Include="Vendor\openssl\ts.h">
      <Filter>Vendor\openssl</Filter>
    </ClInclude>
    <ClInclude Include="Vendor\openssl\tserr.h">
      <Filter>Vendor\openssl</Filter>
    </ClInclude>
    <ClInclude Include="Vendor\openssl\txt_db.h">
      <Filter>Vendor\openssl</Filter>
    </ClInclude>
    <ClInclude Include="Vendor\openssl\types.h">
      <Filter>Vendor\openssl</Filter>
    </ClInclude>
    <ClInclude Include="Vendor\openssl\uierr.h">
      <Filter>Vendor\openssl</Filter>
    </ClInclude>
    <ClInclude Include="Vendor\openssl\whrlpool.h">
      <Filter>Vendor\openssl</Filter>
    </ClInclude>
    <ClInclude Include="Vendor\openssl\x509err.h">
      <Filter>Vendor\openssl</Filter>
    </ClInclude>
    <ClInclude Include="Vendor\openssl\x509v3err.h">
      <Filter>Vendor\openssl</Filter>
    </ClInclude>
    <ClInclude Include="Vendor\openssl\__DECC_INCLUDE_EPILOGUE.H">
      <Filter>Vendor\openssl</Filter>
    </ClInclude>
    <ClInclude Include="Vendor\openssl\__DECC_INCLUDE_PROLOGUE.H">
      <Filter>Vendor\openssl</Filter>
    </ClInclude>
    <ClInclude Include="Vendor\openssl\aes.h">
      <Filter>Vendor\openssl</Filter>
    </ClInclude>
    <ClInclude Include="Vendor\openssl\asn1_mac.h">
      <Filter>Vendor\openssl</Filter>
    </ClInclude>
    <ClInclude Include="Vendor\openssl\asn1err.h">
      <Filter>Vendor\openssl</Filter>
    </ClInclude>
    <ClInclude Include="Vendor\openssl\async.h">
      <Filter>Vendor\openssl</Filter>
    </ClInclude>
    <ClInclude Include="Vendor\openssl\asyncerr.h">
      <Filter>Vendor\openssl</Filter>
    </ClInclude>
  </ItemGroup>
</Project>