<?xml version="1.0" encoding="utf-8"?>
<Project ToolsVersion="4.0" xmlns="http://schemas.microsoft.com/developer/msbuild/2003">
  <ItemGroup>
    <Filter Include="Vendor">
      <UniqueIdentifier>{b7084904-fc81-4f79-9125-365ce353444a}</UniqueIdentifier>
    </Filter>
    <Filter Include="Vendor\lua">
      <UniqueIdentifier>{a2598b62-6cce-43a7-9ab1-4e20444fec71}</UniqueIdentifier>
    </Filter>
    <Filter Include="Vendor\lua-rapidjson">
      <UniqueIdentifier>{5975879f-ea54-4071-8a5d-b3311e150fd4}</UniqueIdentifier>
    </Filter>
    <Filter Include="Vendor\openssl">
      <UniqueIdentifier>{46c0d042-bb19-451b-b50c-4bb66a5dcd05}</UniqueIdentifier>
    </Filter>
    <Filter Include="Sandbox">
      <UniqueIdentifier>{e568c1b6-f121-403d-87c1-d95752aa6a12}</UniqueIdentifier>
    </Filter>
    <Filter Include="Sandbox\lua">
      <UniqueIdentifier>{63e9e37a-d9db-4d8c-bf19-04cda51c10e4}</UniqueIdentifier>
    </Filter>
    <Filter Include="Sandbox\lua\private">
      <UniqueIdentifier>{5a54ff73-280d-4073-81a2-7c78c7f74428}</UniqueIdentifier>
    </Filter>
    <Filter Include="Sandbox\lua\public">
      <UniqueIdentifier>{4bbbd8e1-4b6c-486b-8d08-d03828f54997}</UniqueIdentifier>
    </Filter>
    <Filter Include="System">
      <UniqueIdentifier>{1944a537-8ddb-41dc-9e9e-002f8f5e1928}</UniqueIdentifier>
    </Filter>
    <Filter Include="System\private">
      <UniqueIdentifier>{fbf407bf-6f70-43db-9e47-aec74a1bae32}</UniqueIdentifier>
    </Filter>
    <Filter Include="System\public">
      <UniqueIdentifier>{617f4b10-ce0f-4a2d-a926-c68f8e5b9d06}</UniqueIdentifier>
    </Filter>
  </ItemGroup>
  <ItemGroup>
    <ClCompile Include="Vendor\lua\lua.c">
      <Filter>Vendor\lua</Filter>
    </ClCompile>
    <ClCompile Include="Vendor\lua\lundump.c">
      <Filter>Vendor\lua</Filter>
    </ClCompile>
    <ClCompile Include="Vendor\lua\lutf8lib.c">
      <Filter>Vendor\lua</Filter>
    </ClCompile>
    <ClCompile Include="Vendor\lua\lvm.c">
      <Filter>Vendor\lua</Filter>
    </ClCompile>
    <ClCompile Include="Vendor\lua\lzio.c">
      <Filter>Vendor\lua</Filter>
    </ClCompile>
    <ClCompile Include="Vendor\lua\lapi.c">
      <Filter>Vendor\lua</Filter>
    </ClCompile>
    <ClCompile Include="Vendor\lua\lauxlib.c">
      <Filter>Vendor\lua</Filter>
    </ClCompile>
    <ClCompile Include="Vendor\lua\lbaselib.c">
      <Filter>Vendor\lua</Filter>
    </ClCompile>
    <ClCompile Include="Vendor\lua\lcode.c">
      <Filter>Vendor\lua</Filter>
    </ClCompile>
    <ClCompile Include="Vendor\lua\lcorolib.c">
      <Filter>Vendor\lua</Filter>
    </ClCompile>
    <ClCompile Include="Vendor\lua\lctype.c">
      <Filter>Vendor\lua</Filter>
    </ClCompile>
    <ClCompile Include="Vendor\lua\ldblib.c">
      <Filter>Vendor\lua</Filter>
    </ClCompile>
    <ClCompile Include="Vendor\lua\ldebug.c">
      <Filter>Vendor\lua</Filter>
    </ClCompile>
    <ClCompile Include="Vendor\lua\ldo.c">
      <Filter>Vendor\lua</Filter>
    </ClCompile>
    <ClCompile Include="Vendor\lua\ldump.c">
      <Filter>Vendor\lua</Filter>
    </ClCompile>
    <ClCompile Include="Vendor\lua\lfunc.c">
      <Filter>Vendor\lua</Filter>
    </ClCompile>
    <ClCompile Include="Vendor\lua\lgc.c">
      <Filter>Vendor\lua</Filter>
    </ClCompile>
    <ClCompile Include="Vendor\lua\linit.c">
      <Filter>Vendor\lua</Filter>
    </ClCompile>
    <ClCompile Include="Vendor\lua\liolib.c">
      <Filter>Vendor\lua</Filter>
    </ClCompile>
    <ClCompile Include="Vendor\lua\llex.c">
      <Filter>Vendor\lua</Filter>
    </ClCompile>
    <ClCompile Include="Vendor\lua\lmathlib.c">
      <Filter>Vendor\lua</Filter>
    </ClCompile>
    <ClCompile Include="Vendor\lua\lmem.c">
      <Filter>Vendor\lua</Filter>
    </ClCompile>
    <ClCompile Include="Vendor\lua\loadlib.c">
      <Filter>Vendor\lua</Filter>
    </ClCompile>
    <ClCompile Include="Vendor\lua\lobject.c">
      <Filter>Vendor\lua</Filter>
    </ClCompile>
    <ClCompile Include="Vendor\lua\lopcodes.c">
      <Filter>Vendor\lua</Filter>
    </ClCompile>
    <ClCompile Include="Vendor\lua\loslib.c">
      <Filter>Vendor\lua</Filter>
    </ClCompile>
    <ClCompile Include="Vendor\lua\lparser.c">
      <Filter>Vendor\lua</Filter>
    </ClCompile>
    <ClCompile Include="Vendor\lua\lstate.c">
      <Filter>Vendor\lua</Filter>
    </ClCompile>
    <ClCompile Include="Vendor\lua\lstring.c">
      <Filter>Vendor\lua</Filter>
    </ClCompile>
    <ClCompile Include="Vendor\lua\lstrlib.c">
      <Filter>Vendor\lua</Filter>
    </ClCompile>
    <ClCompile Include="Vendor\lua\ltable.c">
      <Filter>Vendor\lua</Filter>
    </ClCompile>
    <ClCompile Include="Vendor\lua\ltablib.c">
      <Filter>Vendor\lua</Filter>
    </ClCompile>
    <ClCompile Include="Vendor\lua\ltests.c">
      <Filter>Vendor\lua</Filter>
    </ClCompile>
    <ClCompile Include="Vendor\lua\ltm.c">
      <Filter>Vendor\lua</Filter>
    </ClCompile>
    <ClCompile Include="Sandbox\lua\private\file.cpp">
      <Filter>Sandbox\lua\private</Filter>
    </ClCompile>
    <ClCompile Include="Sandbox\lua\private\vm.cpp">
      <Filter>Sandbox\lua\private</Filter>
    </ClCompile>
    <ClCompile Include="Sandbox\lua\private\engine.cpp">
      <Filter>Sandbox\lua\private</Filter>
    </ClCompile>
    <ClCompile Include="System\private\vital.cpp">
      <Filter>System\private</Filter>
    </ClCompile>
    <ClCompile Include="System\private\filesystem.cpp">
      <Filter>System\private</Filter>
    </ClCompile>
    <ClCompile Include="Sandbox\lua\private\index.cpp">
      <Filter>Sandbox\lua\private</Filter>
    </ClCompile>
  </ItemGroup>
  <ItemGroup>
    <ClInclude Include="Vendor\lua\lapi.h">
      <Filter>Vendor\lua</Filter>
    </ClInclude>
    <ClInclude Include="Vendor\lua\lauxlib.h">
      <Filter>Vendor\lua</Filter>
    </ClInclude>
    <ClInclude Include="Vendor\lua\lcode.h">
      <Filter>Vendor\lua</Filter>
    </ClInclude>
    <ClInclude Include="Vendor\lua\lctype.h">
      <Filter>Vendor\lua</Filter>
    </ClInclude>
    <ClInclude Include="Vendor\lua\ldebug.h">
      <Filter>Vendor\lua</Filter>
    </ClInclude>
    <ClInclude Include="Vendor\lua\ldo.h">
      <Filter>Vendor\lua</Filter>
    </ClInclude>
    <ClInclude Include="Vendor\lua\lfunc.h">
      <Filter>Vendor\lua</Filter>
    </ClInclude>
    <ClInclude Include="Vendor\lua\lgc.h">
      <Filter>Vendor\lua</Filter>
    </ClInclude>
    <ClInclude Include="Vendor\lua\ljumptab.h">
      <Filter>Vendor\lua</Filter>
    </ClInclude>
    <ClInclude Include="Vendor\lua\llex.h">
      <Filter>Vendor\lua</Filter>
    </ClInclude>
    <ClInclude Include="Vendor\lua\llimits.h">
      <Filter>Vendor\lua</Filter>
    </ClInclude>
    <ClInclude Include="Vendor\lua\lmem.h">
      <Filter>Vendor\lua</Filter>
    </ClInclude>
    <ClInclude Include="Vendor\lua\lobject.h">
      <Filter>Vendor\lua</Filter>
    </ClInclude>
    <ClInclude Include="Vendor\lua\lopcodes.h">
      <Filter>Vendor\lua</Filter>
    </ClInclude>
    <ClInclude Include="Vendor\lua\lopnames.h">
      <Filter>Vendor\lua</Filter>
    </ClInclude>
    <ClInclude Include="Vendor\lua\lparser.h">
      <Filter>Vendor\lua</Filter>
    </ClInclude>
    <ClInclude Include="Vendor\lua\lprefix.h">
      <Filter>Vendor\lua</Filter>
    </ClInclude>
    <ClInclude Include="Vendor\lua\lstate.h">
      <Filter>Vendor\lua</Filter>
    </ClInclude>
    <ClInclude Include="Vendor\lua\lstring.h">
      <Filter>Vendor\lua</Filter>
    </ClInclude>
    <ClInclude Include="Vendor\lua\ltable.h">
      <Filter>Vendor\lua</Filter>
    </ClInclude>
    <ClInclude Include="Vendor\lua\ltests.h">
      <Filter>Vendor\lua</Filter>
    </ClInclude>
    <ClInclude Include="Vendor\lua\ltm.h">
      <Filter>Vendor\lua</Filter>
    </ClInclude>
    <ClInclude Include="Vendor\lua\lua.h">
      <Filter>Vendor\lua</Filter>
    </ClInclude>
    <ClInclude Include="Vendor\lua\luaconf.h">
      <Filter>Vendor\lua</Filter>
    </ClInclude>
    <ClInclude Include="Vendor\lua\lualib.h">
      <Filter>Vendor\lua</Filter>
    </ClInclude>
    <ClInclude Include="Vendor\lua\lundump.h">
      <Filter>Vendor\lua</Filter>
    </ClInclude>
    <ClInclude Include="Vendor\lua\lvm.h">
      <Filter>Vendor\lua</Filter>
    </ClInclude>
    <ClInclude Include="Vendor\lua\lzio.h">
      <Filter>Vendor\lua</Filter>
    </ClInclude>
    <ClInclude Include="Vendor\lua-rapidjson\rapidjson\include\rapidjson\filereadstream.h">
      <Filter>Vendor\lua-rapidjson</Filter>
    </ClInclude>
    <ClInclude Include="Vendor\lua-rapidjson\rapidjson\include\rapidjson\filewritestream.h">
      <Filter>Vendor\lua-rapidjson</Filter>
    </ClInclude>
    <ClInclude Include="Vendor\lua-rapidjson\rapidjson\include\rapidjson\fwd.h">
      <Filter>Vendor\lua-rapidjson</Filter>
    </ClInclude>
    <ClInclude Include="Vendor\lua-rapidjson\rapidjson\include\rapidjson\istreamwrapper.h">
      <Filter>Vendor\lua-rapidjson</Filter>
    </ClInclude>
    <ClInclude Include="Vendor\lua-rapidjson\rapidjson\include\rapidjson\memorybuffer.h">
      <Filter>Vendor\lua-rapidjson</Filter>
    </ClInclude>
    <ClInclude Include="Vendor\lua-rapidjson\rapidjson\include\rapidjson\memorystream.h">
      <Filter>Vendor\lua-rapidjson</Filter>
    </ClInclude>
    <ClInclude Include="Vendor\lua-rapidjson\rapidjson\include\rapidjson\ostreamwrapper.h">
      <Filter>Vendor\lua-rapidjson</Filter>
    </ClInclude>
    <ClInclude Include="Vendor\lua-rapidjson\rapidjson\include\rapidjson\pointer.h">
      <Filter>Vendor\lua-rapidjson</Filter>
    </ClInclude>
    <ClInclude Include="Vendor\lua-rapidjson\rapidjson\include\rapidjson\prettywriter.h">
      <Filter>Vendor\lua-rapidjson</Filter>
    </ClInclude>
    <ClInclude Include="Vendor\lua-rapidjson\rapidjson\include\rapidjson\rapidjson.h">
      <Filter>Vendor\lua-rapidjson</Filter>
    </ClInclude>
    <ClInclude Include="Vendor\lua-rapidjson\rapidjson\include\rapidjson\reader.h">
      <Filter>Vendor\lua-rapidjson</Filter>
    </ClInclude>
    <ClInclude Include="Vendor\lua-rapidjson\rapidjson\include\rapidjson\schema.h">
      <Filter>Vendor\lua-rapidjson</Filter>
    </ClInclude>
    <ClInclude Include="Vendor\lua-rapidjson\rapidjson\include\rapidjson\stream.h">
      <Filter>Vendor\lua-rapidjson</Filter>
    </ClInclude>
    <ClInclude Include="Vendor\lua-rapidjson\rapidjson\include\rapidjson\stringbuffer.h">
      <Filter>Vendor\lua-rapidjson</Filter>
    </ClInclude>
    <ClInclude Include="Vendor\lua-rapidjson\rapidjson\include\rapidjson\writer.h">
      <Filter>Vendor\lua-rapidjson</Filter>
    </ClInclude>
    <ClInclude Include="Vendor\lua-rapidjson\rapidjson\include\rapidjson\error\en.h">
      <Filter>Vendor\lua-rapidjson</Filter>
    </ClInclude>
    <ClInclude Include="Vendor\lua-rapidjson\rapidjson\include\rapidjson\error\error.h">
      <Filter>Vendor\lua-rapidjson</Filter>
    </ClInclude>
    <ClInclude Include="Vendor\lua-rapidjson\rapidjson\include\rapidjson\internal\biginteger.h">
      <Filter>Vendor\lua-rapidjson</Filter>
    </ClInclude>
    <ClInclude Include="Vendor\lua-rapidjson\rapidjson\include\rapidjson\internal\clzll.h">
      <Filter>Vendor\lua-rapidjson</Filter>
    </ClInclude>
    <ClInclude Include="Vendor\lua-rapidjson\rapidjson\include\rapidjson\internal\diyfp.h">
      <Filter>Vendor\lua-rapidjson</Filter>
    </ClInclude>
    <ClInclude Include="Vendor\lua-rapidjson\rapidjson\include\rapidjson\internal\dtoa.h">
      <Filter>Vendor\lua-rapidjson</Filter>
    </ClInclude>
    <ClInclude Include="Vendor\lua-rapidjson\rapidjson\include\rapidjson\internal\ieee754.h">
      <Filter>Vendor\lua-rapidjson</Filter>
    </ClInclude>
    <ClInclude Include="Vendor\lua-rapidjson\rapidjson\include\rapidjson\internal\itoa.h">
      <Filter>Vendor\lua-rapidjson</Filter>
    </ClInclude>
    <ClInclude Include="Vendor\lua-rapidjson\rapidjson\include\rapidjson\internal\meta.h">
      <Filter>Vendor\lua-rapidjson</Filter>
    </ClInclude>
    <ClInclude Include="Vendor\lua-rapidjson\rapidjson\include\rapidjson\internal\pow10.h">
      <Filter>Vendor\lua-rapidjson</Filter>
    </ClInclude>
    <ClInclude Include="Vendor\lua-rapidjson\rapidjson\include\rapidjson\internal\regex.h">
      <Filter>Vendor\lua-rapidjson</Filter>
    </ClInclude>
    <ClInclude Include="Vendor\lua-rapidjson\rapidjson\include\rapidjson\internal\stack.h">
      <Filter>Vendor\lua-rapidjson</Filter>
    </ClInclude>
    <ClInclude Include="Vendor\lua-rapidjson\rapidjson\include\rapidjson\internal\strfunc.h">
      <Filter>Vendor\lua-rapidjson</Filter>
    </ClInclude>
    <ClInclude Include="Vendor\lua-rapidjson\rapidjson\include\rapidjson\internal\strtod.h">
      <Filter>Vendor\lua-rapidjson</Filter>
    </ClInclude>
    <ClInclude Include="Vendor\lua-rapidjson\rapidjson\include\rapidjson\internal\swap.h">
      <Filter>Vendor\lua-rapidjson</Filter>
    </ClInclude>
    <ClInclude Include="Vendor\lua-rapidjson\rapidjson\include\rapidjson\msinttypes\inttypes.h">
      <Filter>Vendor\lua-rapidjson</Filter>
    </ClInclude>
    <ClInclude Include="Vendor\lua-rapidjson\rapidjson\include\rapidjson\msinttypes\stdint.h">
      <Filter>Vendor\lua-rapidjson</Filter>
    </ClInclude>
    <ClInclude Include="Vendor\lua-rapidjson\rapidjson\include\rapidjson\allocators.h">
      <Filter>Vendor\lua-rapidjson</Filter>
    </ClInclude>
    <ClInclude Include="Vendor\lua-rapidjson\rapidjson\include\rapidjson\cursorstreamwrapper.h">
      <Filter>Vendor\lua-rapidjson</Filter>
    </ClInclude>
    <ClInclude Include="Vendor\lua-rapidjson\rapidjson\include\rapidjson\document.h">
      <Filter>Vendor\lua-rapidjson</Filter>
    </ClInclude>
    <ClInclude Include="Vendor\lua-rapidjson\rapidjson\include\rapidjson\encodedstream.h">
      <Filter>Vendor\lua-rapidjson</Filter>
    </ClInclude>
    <ClInclude Include="Vendor\lua-rapidjson\rapidjson\include\rapidjson\encodings.h">
      <Filter>Vendor\lua-rapidjson</Filter>
    </ClInclude>
    <ClInclude Include="Sandbox\lua\public\vm.h">
      <Filter>Sandbox\lua\public</Filter>
    </ClInclude>
    <ClInclude Include="Sandbox\lua\public\index.h">
      <Filter>Sandbox\lua\public</Filter>
    </ClInclude>
    <ClInclude Include="System\public\filesystem.h">
      <Filter>System\public</Filter>
    </ClInclude>
    <ClInclude Include="System\public\vital.h">
      <Filter>System\public</Filter>
    </ClInclude>
  </ItemGroup>
</Project>