<?xml version="1.0" encoding="utf-8"?>
<Project ToolsVersion="4.0" xmlns="http://schemas.microsoft.com/developer/msbuild/2003">
  <ItemGroup>
    <Filter Include="Vendor">
      <UniqueIdentifier>{b7084904-fc81-4f79-9125-365ce353444a}</UniqueIdentifier>
    </Filter>
    <Filter Include="Vendor\lua">
      <UniqueIdentifier>{a2598b62-6cce-43a7-9ab1-4e20444fec71}</UniqueIdentifier>
    </Filter>
    <Filter Include="Sandbox">
      <UniqueIdentifier>{e568c1b6-f121-403d-87c1-d95752aa6a12}</UniqueIdentifier>
    </Filter>
    <Filter Include="Sandbox\lua">
      <UniqueIdentifier>{63e9e37a-d9db-4d8c-bf19-04cda51c10e4}</UniqueIdentifier>
    </Filter>
    <Filter Include="Sandbox\lua\private">
      <UniqueIdentifier>{5a54ff73-280d-4073-81a2-7c78c7f74428}</UniqueIdentifier>
    </Filter>
    <Filter Include="Sandbox\lua\public">
      <UniqueIdentifier>{4bbbd8e1-4b6c-486b-8d08-d03828f54997}</UniqueIdentifier>
    </Filter>
    <Filter Include="System">
      <UniqueIdentifier>{1944a537-8ddb-41dc-9e9e-002f8f5e1928}</UniqueIdentifier>
    </Filter>
    <Filter Include="System\private">
      <UniqueIdentifier>{fbf407bf-6f70-43db-9e47-aec74a1bae32}</UniqueIdentifier>
    </Filter>
    <Filter Include="System\public">
      <UniqueIdentifier>{617f4b10-ce0f-4a2d-a926-c68f8e5b9d06}</UniqueIdentifier>
    </Filter>
    <Filter Include="Sandbox\lua\module">
      <UniqueIdentifier>{b0903692-c74e-4be9-9317-3fcf135e3237}</UniqueIdentifier>
    </Filter>
    <Filter Include="Vendor\duktape">
      <UniqueIdentifier>{f2cefef0-4cd5-4928-9dac-02d32b558cf7}</UniqueIdentifier>
    </Filter>
    <Filter Include="Sandbox\js">
      <UniqueIdentifier>{7c905a9c-8051-4347-9cdd-deceffad550d}</UniqueIdentifier>
    </Filter>
    <Filter Include="Vendor\openssl">
      <UniqueIdentifier>{089b23a2-4edc-4bdc-931b-806c2e0da0d5}</UniqueIdentifier>
    </Filter>
    <Filter Include="Vendor\openssl\x64">
      <UniqueIdentifier>{5d2e6dc2-9d31-48d8-b1ab-6c48651274bc}</UniqueIdentifier>
    </Filter>
    <Filter Include="Vendor\openssl\x64\Debug">
      <UniqueIdentifier>{890f9dc8-1ee2-4a85-bf4e-1fcd88742e24}</UniqueIdentifier>
    </Filter>
    <Filter Include="Vendor\openssl\x64\Release">
      <UniqueIdentifier>{d7e89ba7-a270-451a-844c-5a6a4c427669}</UniqueIdentifier>
    </Filter>
    <Filter Include="Sandbox\js\public">
      <UniqueIdentifier>{992e366e-5aef-4cc2-9188-393f07f020d2}</UniqueIdentifier>
    </Filter>
    <Filter Include="Sandbox\js\private">
      <UniqueIdentifier>{e41d0e5f-de49-4ff2-bcb2-83ff63ba9ca9}</UniqueIdentifier>
    </Filter>
    <Filter Include="Vendor\fmod">
      <UniqueIdentifier>{4f4faa1d-89a2-4fe6-882c-871f2450f6a3}</UniqueIdentifier>
    </Filter>
    <Filter Include="Type">
      <UniqueIdentifier>{568d95dd-7cbe-422f-8cf9-2e80f96b3618}</UniqueIdentifier>
    </Filter>
    <Filter Include="Type\public">
      <UniqueIdentifier>{18fb14e9-f5b7-4b32-a1af-e0a1bd65010e}</UniqueIdentifier>
    </Filter>
    <Filter Include="Type\private">
      <UniqueIdentifier>{e01feaa0-a283-43ad-a0ff-c90ecc203eea}</UniqueIdentifier>
    </Filter>
  </ItemGroup>
  <ItemGroup>
    <ClCompile Include="Vendor\lua\lua.c">
      <Filter>Vendor\lua</Filter>
    </ClCompile>
    <ClCompile Include="Vendor\lua\lundump.c">
      <Filter>Vendor\lua</Filter>
    </ClCompile>
    <ClCompile Include="Vendor\lua\lutf8lib.c">
      <Filter>Vendor\lua</Filter>
    </ClCompile>
    <ClCompile Include="Vendor\lua\lvm.c">
      <Filter>Vendor\lua</Filter>
    </ClCompile>
    <ClCompile Include="Vendor\lua\lzio.c">
      <Filter>Vendor\lua</Filter>
    </ClCompile>
    <ClCompile Include="Vendor\lua\lapi.c">
      <Filter>Vendor\lua</Filter>
    </ClCompile>
    <ClCompile Include="Vendor\lua\lauxlib.c">
      <Filter>Vendor\lua</Filter>
    </ClCompile>
    <ClCompile Include="Vendor\lua\lbaselib.c">
      <Filter>Vendor\lua</Filter>
    </ClCompile>
    <ClCompile Include="Vendor\lua\lcode.c">
      <Filter>Vendor\lua</Filter>
    </ClCompile>
    <ClCompile Include="Vendor\lua\lcorolib.c">
      <Filter>Vendor\lua</Filter>
    </ClCompile>
    <ClCompile Include="Vendor\lua\lctype.c">
      <Filter>Vendor\lua</Filter>
    </ClCompile>
    <ClCompile Include="Vendor\lua\ldblib.c">
      <Filter>Vendor\lua</Filter>
    </ClCompile>
    <ClCompile Include="Vendor\lua\ldebug.c">
      <Filter>Vendor\lua</Filter>
    </ClCompile>
    <ClCompile Include="Vendor\lua\ldo.c">
      <Filter>Vendor\lua</Filter>
    </ClCompile>
    <ClCompile Include="Vendor\lua\ldump.c">
      <Filter>Vendor\lua</Filter>
    </ClCompile>
    <ClCompile Include="Vendor\lua\lfunc.c">
      <Filter>Vendor\lua</Filter>
    </ClCompile>
    <ClCompile Include="Vendor\lua\lgc.c">
      <Filter>Vendor\lua</Filter>
    </ClCompile>
    <ClCompile Include="Vendor\lua\linit.c">
      <Filter>Vendor\lua</Filter>
    </ClCompile>
    <ClCompile Include="Vendor\lua\liolib.c">
      <Filter>Vendor\lua</Filter>
    </ClCompile>
    <ClCompile Include="Vendor\lua\llex.c">
      <Filter>Vendor\lua</Filter>
    </ClCompile>
    <ClCompile Include="Vendor\lua\lmathlib.c">
      <Filter>Vendor\lua</Filter>
    </ClCompile>
    <ClCompile Include="Vendor\lua\lmem.c">
      <Filter>Vendor\lua</Filter>
    </ClCompile>
    <ClCompile Include="Vendor\lua\loadlib.c">
      <Filter>Vendor\lua</Filter>
    </ClCompile>
    <ClCompile Include="Vendor\lua\lobject.c">
      <Filter>Vendor\lua</Filter>
    </ClCompile>
    <ClCompile Include="Vendor\lua\lopcodes.c">
      <Filter>Vendor\lua</Filter>
    </ClCompile>
    <ClCompile Include="Vendor\lua\loslib.c">
      <Filter>Vendor\lua</Filter>
    </ClCompile>
    <ClCompile Include="Vendor\lua\lparser.c">
      <Filter>Vendor\lua</Filter>
    </ClCompile>
    <ClCompile Include="Vendor\lua\lstate.c">
      <Filter>Vendor\lua</Filter>
    </ClCompile>
    <ClCompile Include="Vendor\lua\lstring.c">
      <Filter>Vendor\lua</Filter>
    </ClCompile>
    <ClCompile Include="Vendor\lua\lstrlib.c">
      <Filter>Vendor\lua</Filter>
    </ClCompile>
    <ClCompile Include="Vendor\lua\ltable.c">
      <Filter>Vendor\lua</Filter>
    </ClCompile>
    <ClCompile Include="Vendor\lua\ltablib.c">
      <Filter>Vendor\lua</Filter>
    </ClCompile>
    <ClCompile Include="Vendor\lua\ltests.c">
      <Filter>Vendor\lua</Filter>
    </ClCompile>
    <ClCompile Include="Vendor\lua\ltm.c">
      <Filter>Vendor\lua</Filter>
    </ClCompile>
    <ClCompile Include="Sandbox\lua\private\vm.cpp">
      <Filter>Sandbox\lua\private</Filter>
    </ClCompile>
    <ClCompile Include="System\private\vital.cpp">
      <Filter>System\private</Filter>
    </ClCompile>
    <ClCompile Include="System\private\file.cpp">
      <Filter>System\private</Filter>
    </ClCompile>
    <ClCompile Include="Sandbox\lua\private\index.cpp">
      <Filter>Sandbox\lua\private</Filter>
    </ClCompile>
    <ClCompile Include="Sandbox\lua\module\c++\file.cpp">
      <Filter>Sandbox\lua\module</Filter>
    </ClCompile>
    <ClCompile Include="Sandbox\lua\module\c++\engine.cpp">
      <Filter>Sandbox\lua\module</Filter>
    </ClCompile>
    <ClCompile Include="Sandbox\lua\private\api.cpp">
      <Filter>Sandbox\lua\private</Filter>
    </ClCompile>
    <ClCompile Include="Vendor\duktape\duktape.c">
      <Filter>Vendor\duktape</Filter>
    </ClCompile>
    <ClCompile Include="System\private\crypto.cpp">
      <Filter>System\private</Filter>
    </ClCompile>
    <ClCompile Include="Sandbox\lua\module\c++\crypto.cpp">
      <Filter>Sandbox\lua\module</Filter>
    </ClCompile>
    <ClCompile Include="Sandbox\js\private\index.cpp">
      <Filter>Sandbox\js\private</Filter>
    </ClCompile>
    <ClCompile Include="Sandbox\js\private\vm.cpp">
      <Filter>Sandbox\js\private</Filter>
    </ClCompile>
    <ClCompile Include="Sandbox\js\private\api.cpp">
      <Filter>Sandbox\js\private</Filter>
    </ClCompile>
    <ClCompile Include="System\private\audio.cpp">
      <Filter>System\private</Filter>
    </ClCompile>
    <ClCompile Include="Type\private\error.cpp">
      <Filter>Type\private</Filter>
    </ClCompile>
  </ItemGroup>
  <ItemGroup>
    <ClInclude Include="Vendor\lua\lapi.h">
      <Filter>Vendor\lua</Filter>
    </ClInclude>
    <ClInclude Include="Vendor\lua\lauxlib.h">
      <Filter>Vendor\lua</Filter>
    </ClInclude>
    <ClInclude Include="Vendor\lua\lcode.h">
      <Filter>Vendor\lua</Filter>
    </ClInclude>
    <ClInclude Include="Vendor\lua\lctype.h">
      <Filter>Vendor\lua</Filter>
    </ClInclude>
    <ClInclude Include="Vendor\lua\ldebug.h">
      <Filter>Vendor\lua</Filter>
    </ClInclude>
    <ClInclude Include="Vendor\lua\ldo.h">
      <Filter>Vendor\lua</Filter>
    </ClInclude>
    <ClInclude Include="Vendor\lua\lfunc.h">
      <Filter>Vendor\lua</Filter>
    </ClInclude>
    <ClInclude Include="Vendor\lua\lgc.h">
      <Filter>Vendor\lua</Filter>
    </ClInclude>
    <ClInclude Include="Vendor\lua\ljumptab.h">
      <Filter>Vendor\lua</Filter>
    </ClInclude>
    <ClInclude Include="Vendor\lua\llex.h">
      <Filter>Vendor\lua</Filter>
    </ClInclude>
    <ClInclude Include="Vendor\lua\llimits.h">
      <Filter>Vendor\lua</Filter>
    </ClInclude>
    <ClInclude Include="Vendor\lua\lmem.h">
      <Filter>Vendor\lua</Filter>
    </ClInclude>
    <ClInclude Include="Vendor\lua\lobject.h">
      <Filter>Vendor\lua</Filter>
    </ClInclude>
    <ClInclude Include="Vendor\lua\lopcodes.h">
      <Filter>Vendor\lua</Filter>
    </ClInclude>
    <ClInclude Include="Vendor\lua\lopnames.h">
      <Filter>Vendor\lua</Filter>
    </ClInclude>
    <ClInclude Include="Vendor\lua\lparser.h">
      <Filter>Vendor\lua</Filter>
    </ClInclude>
    <ClInclude Include="Vendor\lua\lprefix.h">
      <Filter>Vendor\lua</Filter>
    </ClInclude>
    <ClInclude Include="Vendor\lua\lstate.h">
      <Filter>Vendor\lua</Filter>
    </ClInclude>
    <ClInclude Include="Vendor\lua\lstring.h">
      <Filter>Vendor\lua</Filter>
    </ClInclude>
    <ClInclude Include="Vendor\lua\ltable.h">
      <Filter>Vendor\lua</Filter>
    </ClInclude>
    <ClInclude Include="Vendor\lua\ltests.h">
      <Filter>Vendor\lua</Filter>
    </ClInclude>
    <ClInclude Include="Vendor\lua\ltm.h">
      <Filter>Vendor\lua</Filter>
    </ClInclude>
    <ClInclude Include="Vendor\lua\lua.h">
      <Filter>Vendor\lua</Filter>
    </ClInclude>
    <ClInclude Include="Vendor\lua\luaconf.h">
      <Filter>Vendor\lua</Filter>
    </ClInclude>
    <ClInclude Include="Vendor\lua\lualib.h">
      <Filter>Vendor\lua</Filter>
    </ClInclude>
    <ClInclude Include="Vendor\lua\lundump.h">
      <Filter>Vendor\lua</Filter>
    </ClInclude>
    <ClInclude Include="Vendor\lua\lvm.h">
      <Filter>Vendor\lua</Filter>
    </ClInclude>
    <ClInclude Include="Vendor\lua\lzio.h">
      <Filter>Vendor\lua</Filter>
    </ClInclude>
    <ClInclude Include="Sandbox\lua\public\vm.h">
      <Filter>Sandbox\lua\public</Filter>
    </ClInclude>
    <ClInclude Include="Sandbox\lua\public\index.h">
      <Filter>Sandbox\lua\public</Filter>
    </ClInclude>
    <ClInclude Include="System\public\file.h">
      <Filter>System\public</Filter>
    </ClInclude>
    <ClInclude Include="System\public\vital.h">
      <Filter>System\public</Filter>
    </ClInclude>
    <ClInclude Include="Sandbox\lua\public\api.h">
      <Filter>Sandbox\lua\public</Filter>
    </ClInclude>
    <ClInclude Include="Vendor\duktape\duktape.h">
      <Filter>Vendor\duktape</Filter>
    </ClInclude>
    <ClInclude Include="Vendor\duktape\duk_config.h">
      <Filter>Vendor\duktape</Filter>
    </ClInclude>
    <ClInclude Include="Vendor\openssl\x64\Debug\include\openssl\async.h">
      <Filter>Vendor\openssl\x64\Debug</Filter>
    </ClInclude>
    <ClInclude Include="Vendor\openssl\x64\Debug\include\openssl\asyncerr.h">
      <Filter>Vendor\openssl\x64\Debug</Filter>
    </ClInclude>
    <ClInclude Include="Vendor\openssl\x64\Debug\include\openssl\bio.h">
      <Filter>Vendor\openssl\x64\Debug</Filter>
    </ClInclude>
    <ClInclude Include="Vendor\openssl\x64\Debug\include\openssl\bioerr.h">
      <Filter>Vendor\openssl\x64\Debug</Filter>
    </ClInclude>
    <ClInclude Include="Vendor\openssl\x64\Debug\include\openssl\blowfish.h">
      <Filter>Vendor\openssl\x64\Debug</Filter>
    </ClInclude>
    <ClInclude Include="Vendor\openssl\x64\Debug\include\openssl\bn.h">
      <Filter>Vendor\openssl\x64\Debug</Filter>
    </ClInclude>
    <ClInclude Include="Vendor\openssl\x64\Debug\include\openssl\bnerr.h">
      <Filter>Vendor\openssl\x64\Debug</Filter>
    </ClInclude>
    <ClInclude Include="Vendor\openssl\x64\Debug\include\openssl\buffer.h">
      <Filter>Vendor\openssl\x64\Debug</Filter>
    </ClInclude>
    <ClInclude Include="Vendor\openssl\x64\Debug\include\openssl\buffererr.h">
      <Filter>Vendor\openssl\x64\Debug</Filter>
    </ClInclude>
    <ClInclude Include="Vendor\openssl\x64\Debug\include\openssl\camellia.h">
      <Filter>Vendor\openssl\x64\Debug</Filter>
    </ClInclude>
    <ClInclude Include="Vendor\openssl\x64\Debug\include\openssl\cast.h">
      <Filter>Vendor\openssl\x64\Debug</Filter>
    </ClInclude>
    <ClInclude Include="Vendor\openssl\x64\Debug\include\openssl\cmac.h">
      <Filter>Vendor\openssl\x64\Debug</Filter>
    </ClInclude>
    <ClInclude Include="Vendor\openssl\x64\Debug\include\openssl\cmp.h">
      <Filter>Vendor\openssl\x64\Debug</Filter>
    </ClInclude>
    <ClInclude Include="Vendor\openssl\x64\Debug\include\openssl\cmp_util.h">
      <Filter>Vendor\openssl\x64\Debug</Filter>
    </ClInclude>
    <ClInclude Include="Vendor\openssl\x64\Debug\include\openssl\cmperr.h">
      <Filter>Vendor\openssl\x64\Debug</Filter>
    </ClInclude>
    <ClInclude Include="Vendor\openssl\x64\Debug\include\openssl\cms.h">
      <Filter>Vendor\openssl\x64\Debug</Filter>
    </ClInclude>
    <ClInclude Include="Vendor\openssl\x64\Debug\include\openssl\cmserr.h">
      <Filter>Vendor\openssl\x64\Debug</Filter>
    </ClInclude>
    <ClInclude Include="Vendor\openssl\x64\Debug\include\openssl\comp.h">
      <Filter>Vendor\openssl\x64\Debug</Filter>
    </ClInclude>
    <ClInclude Include="Vendor\openssl\x64\Debug\include\openssl\comperr.h">
      <Filter>Vendor\openssl\x64\Debug</Filter>
    </ClInclude>
    <ClInclude Include="Vendor\openssl\x64\Debug\include\openssl\conf.h">
      <Filter>Vendor\openssl\x64\Debug</Filter>
    </ClInclude>
    <ClInclude Include="Vendor\openssl\x64\Debug\include\openssl\conf_api.h">
      <Filter>Vendor\openssl\x64\Debug</Filter>
    </ClInclude>
    <ClInclude Include="Vendor\openssl\x64\Debug\include\openssl\conferr.h">
      <Filter>Vendor\openssl\x64\Debug</Filter>
    </ClInclude>
    <ClInclude Include="Vendor\openssl\x64\Debug\include\openssl\configuration.h">
      <Filter>Vendor\openssl\x64\Debug</Filter>
    </ClInclude>
    <ClInclude Include="Vendor\openssl\x64\Debug\include\openssl\conftypes.h">
      <Filter>Vendor\openssl\x64\Debug</Filter>
    </ClInclude>
    <ClInclude Include="Vendor\openssl\x64\Debug\include\openssl\core.h">
      <Filter>Vendor\openssl\x64\Debug</Filter>
    </ClInclude>
    <ClInclude Include="Vendor\openssl\x64\Debug\include\openssl\core_dispatch.h">
      <Filter>Vendor\openssl\x64\Debug</Filter>
    </ClInclude>
    <ClInclude Include="Vendor\openssl\x64\Debug\include\openssl\core_names.h">
      <Filter>Vendor\openssl\x64\Debug</Filter>
    </ClInclude>
    <ClInclude Include="Vendor\openssl\x64\Debug\include\openssl\core_object.h">
      <Filter>Vendor\openssl\x64\Debug</Filter>
    </ClInclude>
    <ClInclude Include="Vendor\openssl\x64\Debug\include\openssl\crmf.h">
      <Filter>Vendor\openssl\x64\Debug</Filter>
    </ClInclude>
    <ClInclude Include="Vendor\openssl\x64\Debug\include\openssl\crmferr.h">
      <Filter>Vendor\openssl\x64\Debug</Filter>
    </ClInclude>
    <ClInclude Include="Vendor\openssl\x64\Debug\include\openssl\crypto.h">
      <Filter>Vendor\openssl\x64\Debug</Filter>
    </ClInclude>
    <ClInclude Include="Vendor\openssl\x64\Debug\include\openssl\cryptoerr.h">
      <Filter>Vendor\openssl\x64\Debug</Filter>
    </ClInclude>
    <ClInclude Include="Vendor\openssl\x64\Debug\include\openssl\cryptoerr_legacy.h">
      <Filter>Vendor\openssl\x64\Debug</Filter>
    </ClInclude>
    <ClInclude Include="Vendor\openssl\x64\Debug\include\openssl\ct.h">
      <Filter>Vendor\openssl\x64\Debug</Filter>
    </ClInclude>
    <ClInclude Include="Vendor\openssl\x64\Debug\include\openssl\cterr.h">
      <Filter>Vendor\openssl\x64\Debug</Filter>
    </ClInclude>
    <ClInclude Include="Vendor\openssl\x64\Debug\include\openssl\decoder.h">
      <Filter>Vendor\openssl\x64\Debug</Filter>
    </ClInclude>
    <ClInclude Include="Vendor\openssl\x64\Debug\include\openssl\decodererr.h">
      <Filter>Vendor\openssl\x64\Debug</Filter>
    </ClInclude>
    <ClInclude Include="Vendor\openssl\x64\Debug\include\openssl\des.h">
      <Filter>Vendor\openssl\x64\Debug</Filter>
    </ClInclude>
    <ClInclude Include="Vendor\openssl\x64\Debug\include\openssl\dh.h">
      <Filter>Vendor\openssl\x64\Debug</Filter>
    </ClInclude>
    <ClInclude Include="Vendor\openssl\x64\Debug\include\openssl\dherr.h">
      <Filter>Vendor\openssl\x64\Debug</Filter>
    </ClInclude>
    <ClInclude Include="Vendor\openssl\x64\Debug\include\openssl\dsa.h">
      <Filter>Vendor\openssl\x64\Debug</Filter>
    </ClInclude>
    <ClInclude Include="Vendor\openssl\x64\Debug\include\openssl\dsaerr.h">
      <Filter>Vendor\openssl\x64\Debug</Filter>
    </ClInclude>
    <ClInclude Include="Vendor\openssl\x64\Debug\include\openssl\dtls1.h">
      <Filter>Vendor\openssl\x64\Debug</Filter>
    </ClInclude>
    <ClInclude Include="Vendor\openssl\x64\Debug\include\openssl\e_os2.h">
      <Filter>Vendor\openssl\x64\Debug</Filter>
    </ClInclude>
    <ClInclude Include="Vendor\openssl\x64\Debug\include\openssl\ebcdic.h">
      <Filter>Vendor\openssl\x64\Debug</Filter>
    </ClInclude>
    <ClInclude Include="Vendor\openssl\x64\Debug\include\openssl\ec.h">
      <Filter>Vendor\openssl\x64\Debug</Filter>
    </ClInclude>
    <ClInclude Include="Vendor\openssl\x64\Debug\include\openssl\ecdh.h">
      <Filter>Vendor\openssl\x64\Debug</Filter>
    </ClInclude>
    <ClInclude Include="Vendor\openssl\x64\Debug\include\openssl\ecdsa.h">
      <Filter>Vendor\openssl\x64\Debug</Filter>
    </ClInclude>
    <ClInclude Include="Vendor\openssl\x64\Debug\include\openssl\ecerr.h">
      <Filter>Vendor\openssl\x64\Debug</Filter>
    </ClInclude>
    <ClInclude Include="Vendor\openssl\x64\Debug\include\openssl\encoder.h">
      <Filter>Vendor\openssl\x64\Debug</Filter>
    </ClInclude>
    <ClInclude Include="Vendor\openssl\x64\Debug\include\openssl\encodererr.h">
      <Filter>Vendor\openssl\x64\Debug</Filter>
    </ClInclude>
    <ClInclude Include="Vendor\openssl\x64\Debug\include\openssl\engine.h">
      <Filter>Vendor\openssl\x64\Debug</Filter>
    </ClInclude>
    <ClInclude Include="Vendor\openssl\x64\Debug\include\openssl\engineerr.h">
      <Filter>Vendor\openssl\x64\Debug</Filter>
    </ClInclude>
    <ClInclude Include="Vendor\openssl\x64\Debug\include\openssl\err.h">
      <Filter>Vendor\openssl\x64\Debug</Filter>
    </ClInclude>
    <ClInclude Include="Vendor\openssl\x64\Debug\include\openssl\ess.h">
      <Filter>Vendor\openssl\x64\Debug</Filter>
    </ClInclude>
    <ClInclude Include="Vendor\openssl\x64\Debug\include\openssl\esserr.h">
      <Filter>Vendor\openssl\x64\Debug</Filter>
    </ClInclude>
    <ClInclude Include="Vendor\openssl\x64\Debug\include\openssl\evp.h">
      <Filter>Vendor\openssl\x64\Debug</Filter>
    </ClInclude>
    <ClInclude Include="Vendor\openssl\x64\Debug\include\openssl\evperr.h">
      <Filter>Vendor\openssl\x64\Debug</Filter>
    </ClInclude>
    <ClInclude Include="Vendor\openssl\x64\Debug\include\openssl\fips_names.h">
      <Filter>Vendor\openssl\x64\Debug</Filter>
    </ClInclude>
    <ClInclude Include="Vendor\openssl\x64\Debug\include\openssl\fipskey.h">
      <Filter>Vendor\openssl\x64\Debug</Filter>
    </ClInclude>
    <ClInclude Include="Vendor\openssl\x64\Debug\include\openssl\hmac.h">
      <Filter>Vendor\openssl\x64\Debug</Filter>
    </ClInclude>
    <ClInclude Include="Vendor\openssl\x64\Debug\include\openssl\http.h">
      <Filter>Vendor\openssl\x64\Debug</Filter>
    </ClInclude>
    <ClInclude Include="Vendor\openssl\x64\Debug\include\openssl\httperr.h">
      <Filter>Vendor\openssl\x64\Debug</Filter>
    </ClInclude>
    <ClInclude Include="Vendor\openssl\x64\Debug\include\openssl\idea.h">
      <Filter>Vendor\openssl\x64\Debug</Filter>
    </ClInclude>
    <ClInclude Include="Vendor\openssl\x64\Debug\include\openssl\kdf.h">
      <Filter>Vendor\openssl\x64\Debug</Filter>
    </ClInclude>
    <ClInclude Include="Vendor\openssl\x64\Debug\include\openssl\kdferr.h">
      <Filter>Vendor\openssl\x64\Debug</Filter>
    </ClInclude>
    <ClInclude Include="Vendor\openssl\x64\Debug\include\openssl\lhash.h">
      <Filter>Vendor\openssl\x64\Debug</Filter>
    </ClInclude>
    <ClInclude Include="Vendor\openssl\x64\Debug\include\openssl\macros.h">
      <Filter>Vendor\openssl\x64\Debug</Filter>
    </ClInclude>
    <ClInclude Include="Vendor\openssl\x64\Debug\include\openssl\md2.h">
      <Filter>Vendor\openssl\x64\Debug</Filter>
    </ClInclude>
    <ClInclude Include="Vendor\openssl\x64\Debug\include\openssl\md4.h">
      <Filter>Vendor\openssl\x64\Debug</Filter>
    </ClInclude>
    <ClInclude Include="Vendor\openssl\x64\Debug\include\openssl\md5.h">
      <Filter>Vendor\openssl\x64\Debug</Filter>
    </ClInclude>
    <ClInclude Include="Vendor\openssl\x64\Debug\include\openssl\mdc2.h">
      <Filter>Vendor\openssl\x64\Debug</Filter>
    </ClInclude>
    <ClInclude Include="Vendor\openssl\x64\Debug\include\openssl\modes.h">
      <Filter>Vendor\openssl\x64\Debug</Filter>
    </ClInclude>
    <ClInclude Include="Vendor\openssl\x64\Debug\include\openssl\obj_mac.h">
      <Filter>Vendor\openssl\x64\Debug</Filter>
    </ClInclude>
    <ClInclude Include="Vendor\openssl\x64\Debug\include\openssl\objects.h">
      <Filter>Vendor\openssl\x64\Debug</Filter>
    </ClInclude>
    <ClInclude Include="Vendor\openssl\x64\Debug\include\openssl\objectserr.h">
      <Filter>Vendor\openssl\x64\Debug</Filter>
    </ClInclude>
    <ClInclude Include="Vendor\openssl\x64\Debug\include\openssl\ocsp.h">
      <Filter>Vendor\openssl\x64\Debug</Filter>
    </ClInclude>
    <ClInclude Include="Vendor\openssl\x64\Debug\include\openssl\ocsperr.h">
      <Filter>Vendor\openssl\x64\Debug</Filter>
    </ClInclude>
    <ClInclude Include="Vendor\openssl\x64\Debug\include\openssl\opensslconf.h">
      <Filter>Vendor\openssl\x64\Debug</Filter>
    </ClInclude>
    <ClInclude Include="Vendor\openssl\x64\Debug\include\openssl\opensslv.h">
      <Filter>Vendor\openssl\x64\Debug</Filter>
    </ClInclude>
    <ClInclude Include="Vendor\openssl\x64\Debug\include\openssl\ossl_typ.h">
      <Filter>Vendor\openssl\x64\Debug</Filter>
    </ClInclude>
    <ClInclude Include="Vendor\openssl\x64\Debug\include\openssl\param_build.h">
      <Filter>Vendor\openssl\x64\Debug</Filter>
    </ClInclude>
    <ClInclude Include="Vendor\openssl\x64\Debug\include\openssl\params.h">
      <Filter>Vendor\openssl\x64\Debug</Filter>
    </ClInclude>
    <ClInclude Include="Vendor\openssl\x64\Debug\include\openssl\pem.h">
      <Filter>Vendor\openssl\x64\Debug</Filter>
    </ClInclude>
    <ClInclude Include="Vendor\openssl\x64\Debug\include\openssl\pem2.h">
      <Filter>Vendor\openssl\x64\Debug</Filter>
    </ClInclude>
    <ClInclude Include="Vendor\openssl\x64\Debug\include\openssl\pemerr.h">
      <Filter>Vendor\openssl\x64\Debug</Filter>
    </ClInclude>
    <ClInclude Include="Vendor\openssl\x64\Debug\include\openssl\pkcs7.h">
      <Filter>Vendor\openssl\x64\Debug</Filter>
    </ClInclude>
    <ClInclude Include="Vendor\openssl\x64\Debug\include\openssl\pkcs7err.h">
      <Filter>Vendor\openssl\x64\Debug</Filter>
    </ClInclude>
    <ClInclude Include="Vendor\openssl\x64\Debug\include\openssl\pkcs12.h">
      <Filter>Vendor\openssl\x64\Debug</Filter>
    </ClInclude>
    <ClInclude Include="Vendor\openssl\x64\Debug\include\openssl\pkcs12err.h">
      <Filter>Vendor\openssl\x64\Debug</Filter>
    </ClInclude>
    <ClInclude Include="Vendor\openssl\x64\Debug\include\openssl\prov_ssl.h">
      <Filter>Vendor\openssl\x64\Debug</Filter>
    </ClInclude>
    <ClInclude Include="Vendor\openssl\x64\Debug\include\openssl\proverr.h">
      <Filter>Vendor\openssl\x64\Debug</Filter>
    </ClInclude>
    <ClInclude Include="Vendor\openssl\x64\Debug\include\openssl\provider.h">
      <Filter>Vendor\openssl\x64\Debug</Filter>
    </ClInclude>
    <ClInclude Include="Vendor\openssl\x64\Debug\include\openssl\rand.h">
      <Filter>Vendor\openssl\x64\Debug</Filter>
    </ClInclude>
    <ClInclude Include="Vendor\openssl\x64\Debug\include\openssl\randerr.h">
      <Filter>Vendor\openssl\x64\Debug</Filter>
    </ClInclude>
    <ClInclude Include="Vendor\openssl\x64\Debug\include\openssl\rc2.h">
      <Filter>Vendor\openssl\x64\Debug</Filter>
    </ClInclude>
    <ClInclude Include="Vendor\openssl\x64\Debug\include\openssl\rc4.h">
      <Filter>Vendor\openssl\x64\Debug</Filter>
    </ClInclude>
    <ClInclude Include="Vendor\openssl\x64\Debug\include\openssl\rc5.h">
      <Filter>Vendor\openssl\x64\Debug</Filter>
    </ClInclude>
    <ClInclude Include="Vendor\openssl\x64\Debug\include\openssl\ripemd.h">
      <Filter>Vendor\openssl\x64\Debug</Filter>
    </ClInclude>
    <ClInclude Include="Vendor\openssl\x64\Debug\include\openssl\rsa.h">
      <Filter>Vendor\openssl\x64\Debug</Filter>
    </ClInclude>
    <ClInclude Include="Vendor\openssl\x64\Debug\include\openssl\rsaerr.h">
      <Filter>Vendor\openssl\x64\Debug</Filter>
    </ClInclude>
    <ClInclude Include="Vendor\openssl\x64\Debug\include\openssl\safestack.h">
      <Filter>Vendor\openssl\x64\Debug</Filter>
    </ClInclude>
    <ClInclude Include="Vendor\openssl\x64\Debug\include\openssl\seed.h">
      <Filter>Vendor\openssl\x64\Debug</Filter>
    </ClInclude>
    <ClInclude Include="Vendor\openssl\x64\Debug\include\openssl\self_test.h">
      <Filter>Vendor\openssl\x64\Debug</Filter>
    </ClInclude>
    <ClInclude Include="Vendor\openssl\x64\Debug\include\openssl\sha.h">
      <Filter>Vendor\openssl\x64\Debug</Filter>
    </ClInclude>
    <ClInclude Include="Vendor\openssl\x64\Debug\include\openssl\srp.h">
      <Filter>Vendor\openssl\x64\Debug</Filter>
    </ClInclude>
    <ClInclude Include="Vendor\openssl\x64\Debug\include\openssl\srtp.h">
      <Filter>Vendor\openssl\x64\Debug</Filter>
    </ClInclude>
    <ClInclude Include="Vendor\openssl\x64\Debug\include\openssl\ssl.h">
      <Filter>Vendor\openssl\x64\Debug</Filter>
    </ClInclude>
    <ClInclude Include="Vendor\openssl\x64\Debug\include\openssl\ssl2.h">
      <Filter>Vendor\openssl\x64\Debug</Filter>
    </ClInclude>
    <ClInclude Include="Vendor\openssl\x64\Debug\include\openssl\ssl3.h">
      <Filter>Vendor\openssl\x64\Debug</Filter>
    </ClInclude>
    <ClInclude Include="Vendor\openssl\x64\Debug\include\openssl\sslerr.h">
      <Filter>Vendor\openssl\x64\Debug</Filter>
    </ClInclude>
    <ClInclude Include="Vendor\openssl\x64\Debug\include\openssl\sslerr_legacy.h">
      <Filter>Vendor\openssl\x64\Debug</Filter>
    </ClInclude>
    <ClInclude Include="Vendor\openssl\x64\Debug\include\openssl\stack.h">
      <Filter>Vendor\openssl\x64\Debug</Filter>
    </ClInclude>
    <ClInclude Include="Vendor\openssl\x64\Debug\include\openssl\store.h">
      <Filter>Vendor\openssl\x64\Debug</Filter>
    </ClInclude>
    <ClInclude Include="Vendor\openssl\x64\Debug\include\openssl\storeerr.h">
      <Filter>Vendor\openssl\x64\Debug</Filter>
    </ClInclude>
    <ClInclude Include="Vendor\openssl\x64\Debug\include\openssl\symhacks.h">
      <Filter>Vendor\openssl\x64\Debug</Filter>
    </ClInclude>
    <ClInclude Include="Vendor\openssl\x64\Debug\include\openssl\tls1.h">
      <Filter>Vendor\openssl\x64\Debug</Filter>
    </ClInclude>
    <ClInclude Include="Vendor\openssl\x64\Debug\include\openssl\trace.h">
      <Filter>Vendor\openssl\x64\Debug</Filter>
    </ClInclude>
    <ClInclude Include="Vendor\openssl\x64\Debug\include\openssl\ts.h">
      <Filter>Vendor\openssl\x64\Debug</Filter>
    </ClInclude>
    <ClInclude Include="Vendor\openssl\x64\Debug\include\openssl\tserr.h">
      <Filter>Vendor\openssl\x64\Debug</Filter>
    </ClInclude>
    <ClInclude Include="Vendor\openssl\x64\Debug\include\openssl\txt_db.h">
      <Filter>Vendor\openssl\x64\Debug</Filter>
    </ClInclude>
    <ClInclude Include="Vendor\openssl\x64\Debug\include\openssl\types.h">
      <Filter>Vendor\openssl\x64\Debug</Filter>
    </ClInclude>
    <ClInclude Include="Vendor\openssl\x64\Debug\include\openssl\ui.h">
      <Filter>Vendor\openssl\x64\Debug</Filter>
    </ClInclude>
    <ClInclude Include="Vendor\openssl\x64\Debug\include\openssl\uierr.h">
      <Filter>Vendor\openssl\x64\Debug</Filter>
    </ClInclude>
    <ClInclude Include="Vendor\openssl\x64\Debug\include\openssl\whrlpool.h">
      <Filter>Vendor\openssl\x64\Debug</Filter>
    </ClInclude>
    <ClInclude Include="Vendor\openssl\x64\Debug\include\openssl\x509.h">
      <Filter>Vendor\openssl\x64\Debug</Filter>
    </ClInclude>
    <ClInclude Include="Vendor\openssl\x64\Debug\include\openssl\x509_vfy.h">
      <Filter>Vendor\openssl\x64\Debug</Filter>
    </ClInclude>
    <ClInclude Include="Vendor\openssl\x64\Debug\include\openssl\x509err.h">
      <Filter>Vendor\openssl\x64\Debug</Filter>
    </ClInclude>
    <ClInclude Include="Vendor\openssl\x64\Debug\include\openssl\x509v3.h">
      <Filter>Vendor\openssl\x64\Debug</Filter>
    </ClInclude>
    <ClInclude Include="Vendor\openssl\x64\Debug\include\openssl\x509v3err.h">
      <Filter>Vendor\openssl\x64\Debug</Filter>
    </ClInclude>
    <ClInclude Include="Vendor\openssl\x64\Debug\include\openssl\__DECC_INCLUDE_EPILOGUE.H">
      <Filter>Vendor\openssl\x64\Debug</Filter>
    </ClInclude>
    <ClInclude Include="Vendor\openssl\x64\Debug\include\openssl\__DECC_INCLUDE_PROLOGUE.H">
      <Filter>Vendor\openssl\x64\Debug</Filter>
    </ClInclude>
    <ClInclude Include="Vendor\openssl\x64\Debug\include\openssl\aes.h">
      <Filter>Vendor\openssl\x64\Debug</Filter>
    </ClInclude>
    <ClInclude Include="Vendor\openssl\x64\Debug\include\openssl\asn1.h">
      <Filter>Vendor\openssl\x64\Debug</Filter>
    </ClInclude>
    <ClInclude Include="Vendor\openssl\x64\Debug\include\openssl\asn1_mac.h">
      <Filter>Vendor\openssl\x64\Debug</Filter>
    </ClInclude>
    <ClInclude Include="Vendor\openssl\x64\Debug\include\openssl\asn1err.h">
      <Filter>Vendor\openssl\x64\Debug</Filter>
    </ClInclude>
    <ClInclude Include="Vendor\openssl\x64\Debug\include\openssl\asn1t.h">
      <Filter>Vendor\openssl\x64\Debug</Filter>
    </ClInclude>
    <ClInclude Include="Vendor\openssl\x64\Release\include\openssl\asn1_mac.h">
      <Filter>Vendor\openssl\x64\Release</Filter>
    </ClInclude>
    <ClInclude Include="Vendor\openssl\x64\Release\include\openssl\asn1err.h">
      <Filter>Vendor\openssl\x64\Release</Filter>
    </ClInclude>
    <ClInclude Include="Vendor\openssl\x64\Release\include\openssl\asn1t.h">
      <Filter>Vendor\openssl\x64\Release</Filter>
    </ClInclude>
    <ClInclude Include="Vendor\openssl\x64\Release\include\openssl\async.h">
      <Filter>Vendor\openssl\x64\Release</Filter>
    </ClInclude>
    <ClInclude Include="Vendor\openssl\x64\Release\include\openssl\asyncerr.h">
      <Filter>Vendor\openssl\x64\Release</Filter>
    </ClInclude>
    <ClInclude Include="Vendor\openssl\x64\Release\include\openssl\bio.h">
      <Filter>Vendor\openssl\x64\Release</Filter>
    </ClInclude>
    <ClInclude Include="Vendor\openssl\x64\Release\include\openssl\bioerr.h">
      <Filter>Vendor\openssl\x64\Release</Filter>
    </ClInclude>
    <ClInclude Include="Vendor\openssl\x64\Release\include\openssl\blowfish.h">
      <Filter>Vendor\openssl\x64\Release</Filter>
    </ClInclude>
    <ClInclude Include="Vendor\openssl\x64\Release\include\openssl\bn.h">
      <Filter>Vendor\openssl\x64\Release</Filter>
    </ClInclude>
    <ClInclude Include="Vendor\openssl\x64\Release\include\openssl\bnerr.h">
      <Filter>Vendor\openssl\x64\Release</Filter>
    </ClInclude>
    <ClInclude Include="Vendor\openssl\x64\Release\include\openssl\buffer.h">
      <Filter>Vendor\openssl\x64\Release</Filter>
    </ClInclude>
    <ClInclude Include="Vendor\openssl\x64\Release\include\openssl\buffererr.h">
      <Filter>Vendor\openssl\x64\Release</Filter>
    </ClInclude>
    <ClInclude Include="Vendor\openssl\x64\Release\include\openssl\camellia.h">
      <Filter>Vendor\openssl\x64\Release</Filter>
    </ClInclude>
    <ClInclude Include="Vendor\openssl\x64\Release\include\openssl\cast.h">
      <Filter>Vendor\openssl\x64\Release</Filter>
    </ClInclude>
    <ClInclude Include="Vendor\openssl\x64\Release\include\openssl\cmac.h">
      <Filter>Vendor\openssl\x64\Release</Filter>
    </ClInclude>
    <ClInclude Include="Vendor\openssl\x64\Release\include\openssl\cmp.h">
      <Filter>Vendor\openssl\x64\Release</Filter>
    </ClInclude>
    <ClInclude Include="Vendor\openssl\x64\Release\include\openssl\cmp_util.h">
      <Filter>Vendor\openssl\x64\Release</Filter>
    </ClInclude>
    <ClInclude Include="Vendor\openssl\x64\Release\include\openssl\cmperr.h">
      <Filter>Vendor\openssl\x64\Release</Filter>
    </ClInclude>
    <ClInclude Include="Vendor\openssl\x64\Release\include\openssl\cms.h">
      <Filter>Vendor\openssl\x64\Release</Filter>
    </ClInclude>
    <ClInclude Include="Vendor\openssl\x64\Release\include\openssl\cmserr.h">
      <Filter>Vendor\openssl\x64\Release</Filter>
    </ClInclude>
    <ClInclude Include="Vendor\openssl\x64\Release\include\openssl\comp.h">
      <Filter>Vendor\openssl\x64\Release</Filter>
    </ClInclude>
    <ClInclude Include="Vendor\openssl\x64\Release\include\openssl\comperr.h">
      <Filter>Vendor\openssl\x64\Release</Filter>
    </ClInclude>
    <ClInclude Include="Vendor\openssl\x64\Release\include\openssl\conf.h">
      <Filter>Vendor\openssl\x64\Release</Filter>
    </ClInclude>
    <ClInclude Include="Vendor\openssl\x64\Release\include\openssl\conf_api.h">
      <Filter>Vendor\openssl\x64\Release</Filter>
    </ClInclude>
    <ClInclude Include="Vendor\openssl\x64\Release\include\openssl\conferr.h">
      <Filter>Vendor\openssl\x64\Release</Filter>
    </ClInclude>
    <ClInclude Include="Vendor\openssl\x64\Release\include\openssl\configuration.h">
      <Filter>Vendor\openssl\x64\Release</Filter>
    </ClInclude>
    <ClInclude Include="Vendor\openssl\x64\Release\include\openssl\conftypes.h">
      <Filter>Vendor\openssl\x64\Release</Filter>
    </ClInclude>
    <ClInclude Include="Vendor\openssl\x64\Release\include\openssl\core.h">
      <Filter>Vendor\openssl\x64\Release</Filter>
    </ClInclude>
    <ClInclude Include="Vendor\openssl\x64\Release\include\openssl\core_dispatch.h">
      <Filter>Vendor\openssl\x64\Release</Filter>
    </ClInclude>
    <ClInclude Include="Vendor\openssl\x64\Release\include\openssl\core_names.h">
      <Filter>Vendor\openssl\x64\Release</Filter>
    </ClInclude>
    <ClInclude Include="Vendor\openssl\x64\Release\include\openssl\core_object.h">
      <Filter>Vendor\openssl\x64\Release</Filter>
    </ClInclude>
    <ClInclude Include="Vendor\openssl\x64\Release\include\openssl\crmf.h">
      <Filter>Vendor\openssl\x64\Release</Filter>
    </ClInclude>
    <ClInclude Include="Vendor\openssl\x64\Release\include\openssl\crmferr.h">
      <Filter>Vendor\openssl\x64\Release</Filter>
    </ClInclude>
    <ClInclude Include="Vendor\openssl\x64\Release\include\openssl\crypto.h">
      <Filter>Vendor\openssl\x64\Release</Filter>
    </ClInclude>
    <ClInclude Include="Vendor\openssl\x64\Release\include\openssl\cryptoerr.h">
      <Filter>Vendor\openssl\x64\Release</Filter>
    </ClInclude>
    <ClInclude Include="Vendor\openssl\x64\Release\include\openssl\cryptoerr_legacy.h">
      <Filter>Vendor\openssl\x64\Release</Filter>
    </ClInclude>
    <ClInclude Include="Vendor\openssl\x64\Release\include\openssl\ct.h">
      <Filter>Vendor\openssl\x64\Release</Filter>
    </ClInclude>
    <ClInclude Include="Vendor\openssl\x64\Release\include\openssl\cterr.h">
      <Filter>Vendor\openssl\x64\Release</Filter>
    </ClInclude>
    <ClInclude Include="Vendor\openssl\x64\Release\include\openssl\decoder.h">
      <Filter>Vendor\openssl\x64\Release</Filter>
    </ClInclude>
    <ClInclude Include="Vendor\openssl\x64\Release\include\openssl\decodererr.h">
      <Filter>Vendor\openssl\x64\Release</Filter>
    </ClInclude>
    <ClInclude Include="Vendor\openssl\x64\Release\include\openssl\des.h">
      <Filter>Vendor\openssl\x64\Release</Filter>
    </ClInclude>
    <ClInclude Include="Vendor\openssl\x64\Release\include\openssl\dh.h">
      <Filter>Vendor\openssl\x64\Release</Filter>
    </ClInclude>
    <ClInclude Include="Vendor\openssl\x64\Release\include\openssl\dherr.h">
      <Filter>Vendor\openssl\x64\Release</Filter>
    </ClInclude>
    <ClInclude Include="Vendor\openssl\x64\Release\include\openssl\dsa.h">
      <Filter>Vendor\openssl\x64\Release</Filter>
    </ClInclude>
    <ClInclude Include="Vendor\openssl\x64\Release\include\openssl\dsaerr.h">
      <Filter>Vendor\openssl\x64\Release</Filter>
    </ClInclude>
    <ClInclude Include="Vendor\openssl\x64\Release\include\openssl\dtls1.h">
      <Filter>Vendor\openssl\x64\Release</Filter>
    </ClInclude>
    <ClInclude Include="Vendor\openssl\x64\Release\include\openssl\e_os2.h">
      <Filter>Vendor\openssl\x64\Release</Filter>
    </ClInclude>
    <ClInclude Include="Vendor\openssl\x64\Release\include\openssl\ebcdic.h">
      <Filter>Vendor\openssl\x64\Release</Filter>
    </ClInclude>
    <ClInclude Include="Vendor\openssl\x64\Release\include\openssl\ec.h">
      <Filter>Vendor\openssl\x64\Release</Filter>
    </ClInclude>
    <ClInclude Include="Vendor\openssl\x64\Release\include\openssl\ecdh.h">
      <Filter>Vendor\openssl\x64\Release</Filter>
    </ClInclude>
    <ClInclude Include="Vendor\openssl\x64\Release\include\openssl\ecdsa.h">
      <Filter>Vendor\openssl\x64\Release</Filter>
    </ClInclude>
    <ClInclude Include="Vendor\openssl\x64\Release\include\openssl\ecerr.h">
      <Filter>Vendor\openssl\x64\Release</Filter>
    </ClInclude>
    <ClInclude Include="Vendor\openssl\x64\Release\include\openssl\encoder.h">
      <Filter>Vendor\openssl\x64\Release</Filter>
    </ClInclude>
    <ClInclude Include="Vendor\openssl\x64\Release\include\openssl\encodererr.h">
      <Filter>Vendor\openssl\x64\Release</Filter>
    </ClInclude>
    <ClInclude Include="Vendor\openssl\x64\Release\include\openssl\engine.h">
      <Filter>Vendor\openssl\x64\Release</Filter>
    </ClInclude>
    <ClInclude Include="Vendor\openssl\x64\Release\include\openssl\engineerr.h">
      <Filter>Vendor\openssl\x64\Release</Filter>
    </ClInclude>
    <ClInclude Include="Vendor\openssl\x64\Release\include\openssl\err.h">
      <Filter>Vendor\openssl\x64\Release</Filter>
    </ClInclude>
    <ClInclude Include="Vendor\openssl\x64\Release\include\openssl\ess.h">
      <Filter>Vendor\openssl\x64\Release</Filter>
    </ClInclude>
    <ClInclude Include="Vendor\openssl\x64\Release\include\openssl\esserr.h">
      <Filter>Vendor\openssl\x64\Release</Filter>
    </ClInclude>
    <ClInclude Include="Vendor\openssl\x64\Release\include\openssl\evp.h">
      <Filter>Vendor\openssl\x64\Release</Filter>
    </ClInclude>
    <ClInclude Include="Vendor\openssl\x64\Release\include\openssl\evperr.h">
      <Filter>Vendor\openssl\x64\Release</Filter>
    </ClInclude>
    <ClInclude Include="Vendor\openssl\x64\Release\include\openssl\fips_names.h">
      <Filter>Vendor\openssl\x64\Release</Filter>
    </ClInclude>
    <ClInclude Include="Vendor\openssl\x64\Release\include\openssl\fipskey.h">
      <Filter>Vendor\openssl\x64\Release</Filter>
    </ClInclude>
    <ClInclude Include="Vendor\openssl\x64\Release\include\openssl\hmac.h">
      <Filter>Vendor\openssl\x64\Release</Filter>
    </ClInclude>
    <ClInclude Include="Vendor\openssl\x64\Release\include\openssl\http.h">
      <Filter>Vendor\openssl\x64\Release</Filter>
    </ClInclude>
    <ClInclude Include="Vendor\openssl\x64\Release\include\openssl\httperr.h">
      <Filter>Vendor\openssl\x64\Release</Filter>
    </ClInclude>
    <ClInclude Include="Vendor\openssl\x64\Release\include\openssl\idea.h">
      <Filter>Vendor\openssl\x64\Release</Filter>
    </ClInclude>
    <ClInclude Include="Vendor\openssl\x64\Release\include\openssl\kdf.h">
      <Filter>Vendor\openssl\x64\Release</Filter>
    </ClInclude>
    <ClInclude Include="Vendor\openssl\x64\Release\include\openssl\kdferr.h">
      <Filter>Vendor\openssl\x64\Release</Filter>
    </ClInclude>
    <ClInclude Include="Vendor\openssl\x64\Release\include\openssl\lhash.h">
      <Filter>Vendor\openssl\x64\Release</Filter>
    </ClInclude>
    <ClInclude Include="Vendor\openssl\x64\Release\include\openssl\macros.h">
      <Filter>Vendor\openssl\x64\Release</Filter>
    </ClInclude>
    <ClInclude Include="Vendor\openssl\x64\Release\include\openssl\md2.h">
      <Filter>Vendor\openssl\x64\Release</Filter>
    </ClInclude>
    <ClInclude Include="Vendor\openssl\x64\Release\include\openssl\md4.h">
      <Filter>Vendor\openssl\x64\Release</Filter>
    </ClInclude>
    <ClInclude Include="Vendor\openssl\x64\Release\include\openssl\md5.h">
      <Filter>Vendor\openssl\x64\Release</Filter>
    </ClInclude>
    <ClInclude Include="Vendor\openssl\x64\Release\include\openssl\mdc2.h">
      <Filter>Vendor\openssl\x64\Release</Filter>
    </ClInclude>
    <ClInclude Include="Vendor\openssl\x64\Release\include\openssl\modes.h">
      <Filter>Vendor\openssl\x64\Release</Filter>
    </ClInclude>
    <ClInclude Include="Vendor\openssl\x64\Release\include\openssl\obj_mac.h">
      <Filter>Vendor\openssl\x64\Release</Filter>
    </ClInclude>
    <ClInclude Include="Vendor\openssl\x64\Release\include\openssl\objects.h">
      <Filter>Vendor\openssl\x64\Release</Filter>
    </ClInclude>
    <ClInclude Include="Vendor\openssl\x64\Release\include\openssl\objectserr.h">
      <Filter>Vendor\openssl\x64\Release</Filter>
    </ClInclude>
    <ClInclude Include="Vendor\openssl\x64\Release\include\openssl\ocsp.h">
      <Filter>Vendor\openssl\x64\Release</Filter>
    </ClInclude>
    <ClInclude Include="Vendor\openssl\x64\Release\include\openssl\ocsperr.h">
      <Filter>Vendor\openssl\x64\Release</Filter>
    </ClInclude>
    <ClInclude Include="Vendor\openssl\x64\Release\include\openssl\opensslconf.h">
      <Filter>Vendor\openssl\x64\Release</Filter>
    </ClInclude>
    <ClInclude Include="Vendor\openssl\x64\Release\include\openssl\opensslv.h">
      <Filter>Vendor\openssl\x64\Release</Filter>
    </ClInclude>
    <ClInclude Include="Vendor\openssl\x64\Release\include\openssl\ossl_typ.h">
      <Filter>Vendor\openssl\x64\Release</Filter>
    </ClInclude>
    <ClInclude Include="Vendor\openssl\x64\Release\include\openssl\param_build.h">
      <Filter>Vendor\openssl\x64\Release</Filter>
    </ClInclude>
    <ClInclude Include="Vendor\openssl\x64\Release\include\openssl\params.h">
      <Filter>Vendor\openssl\x64\Release</Filter>
    </ClInclude>
    <ClInclude Include="Vendor\openssl\x64\Release\include\openssl\pem.h">
      <Filter>Vendor\openssl\x64\Release</Filter>
    </ClInclude>
    <ClInclude Include="Vendor\openssl\x64\Release\include\openssl\pem2.h">
      <Filter>Vendor\openssl\x64\Release</Filter>
    </ClInclude>
    <ClInclude Include="Vendor\openssl\x64\Release\include\openssl\pemerr.h">
      <Filter>Vendor\openssl\x64\Release</Filter>
    </ClInclude>
    <ClInclude Include="Vendor\openssl\x64\Release\include\openssl\pkcs7.h">
      <Filter>Vendor\openssl\x64\Release</Filter>
    </ClInclude>
    <ClInclude Include="Vendor\openssl\x64\Release\include\openssl\pkcs7err.h">
      <Filter>Vendor\openssl\x64\Release</Filter>
    </ClInclude>
    <ClInclude Include="Vendor\openssl\x64\Release\include\openssl\pkcs12.h">
      <Filter>Vendor\openssl\x64\Release</Filter>
    </ClInclude>
    <ClInclude Include="Vendor\openssl\x64\Release\include\openssl\pkcs12err.h">
      <Filter>Vendor\openssl\x64\Release</Filter>
    </ClInclude>
    <ClInclude Include="Vendor\openssl\x64\Release\include\openssl\prov_ssl.h">
      <Filter>Vendor\openssl\x64\Release</Filter>
    </ClInclude>
    <ClInclude Include="Vendor\openssl\x64\Release\include\openssl\proverr.h">
      <Filter>Vendor\openssl\x64\Release</Filter>
    </ClInclude>
    <ClInclude Include="Vendor\openssl\x64\Release\include\openssl\provider.h">
      <Filter>Vendor\openssl\x64\Release</Filter>
    </ClInclude>
    <ClInclude Include="Vendor\openssl\x64\Release\include\openssl\rand.h">
      <Filter>Vendor\openssl\x64\Release</Filter>
    </ClInclude>
    <ClInclude Include="Vendor\openssl\x64\Release\include\openssl\randerr.h">
      <Filter>Vendor\openssl\x64\Release</Filter>
    </ClInclude>
    <ClInclude Include="Vendor\openssl\x64\Release\include\openssl\rc2.h">
      <Filter>Vendor\openssl\x64\Release</Filter>
    </ClInclude>
    <ClInclude Include="Vendor\openssl\x64\Release\include\openssl\rc4.h">
      <Filter>Vendor\openssl\x64\Release</Filter>
    </ClInclude>
    <ClInclude Include="Vendor\openssl\x64\Release\include\openssl\rc5.h">
      <Filter>Vendor\openssl\x64\Release</Filter>
    </ClInclude>
    <ClInclude Include="Vendor\openssl\x64\Release\include\openssl\ripemd.h">
      <Filter>Vendor\openssl\x64\Release</Filter>
    </ClInclude>
    <ClInclude Include="Vendor\openssl\x64\Release\include\openssl\rsa.h">
      <Filter>Vendor\openssl\x64\Release</Filter>
    </ClInclude>
    <ClInclude Include="Vendor\openssl\x64\Release\include\openssl\rsaerr.h">
      <Filter>Vendor\openssl\x64\Release</Filter>
    </ClInclude>
    <ClInclude Include="Vendor\openssl\x64\Release\include\openssl\safestack.h">
      <Filter>Vendor\openssl\x64\Release</Filter>
    </ClInclude>
    <ClInclude Include="Vendor\openssl\x64\Release\include\openssl\seed.h">
      <Filter>Vendor\openssl\x64\Release</Filter>
    </ClInclude>
    <ClInclude Include="Vendor\openssl\x64\Release\include\openssl\self_test.h">
      <Filter>Vendor\openssl\x64\Release</Filter>
    </ClInclude>
    <ClInclude Include="Vendor\openssl\x64\Release\include\openssl\sha.h">
      <Filter>Vendor\openssl\x64\Release</Filter>
    </ClInclude>
    <ClInclude Include="Vendor\openssl\x64\Release\include\openssl\srp.h">
      <Filter>Vendor\openssl\x64\Release</Filter>
    </ClInclude>
    <ClInclude Include="Vendor\openssl\x64\Release\include\openssl\srtp.h">
      <Filter>Vendor\openssl\x64\Release</Filter>
    </ClInclude>
    <ClInclude Include="Vendor\openssl\x64\Release\include\openssl\ssl.h">
      <Filter>Vendor\openssl\x64\Release</Filter>
    </ClInclude>
    <ClInclude Include="Vendor\openssl\x64\Release\include\openssl\ssl2.h">
      <Filter>Vendor\openssl\x64\Release</Filter>
    </ClInclude>
    <ClInclude Include="Vendor\openssl\x64\Release\include\openssl\ssl3.h">
      <Filter>Vendor\openssl\x64\Release</Filter>
    </ClInclude>
    <ClInclude Include="Vendor\openssl\x64\Release\include\openssl\sslerr.h">
      <Filter>Vendor\openssl\x64\Release</Filter>
    </ClInclude>
    <ClInclude Include="Vendor\openssl\x64\Release\include\openssl\sslerr_legacy.h">
      <Filter>Vendor\openssl\x64\Release</Filter>
    </ClInclude>
    <ClInclude Include="Vendor\openssl\x64\Release\include\openssl\stack.h">
      <Filter>Vendor\openssl\x64\Release</Filter>
    </ClInclude>
    <ClInclude Include="Vendor\openssl\x64\Release\include\openssl\store.h">
      <Filter>Vendor\openssl\x64\Release</Filter>
    </ClInclude>
    <ClInclude Include="Vendor\openssl\x64\Release\include\openssl\storeerr.h">
      <Filter>Vendor\openssl\x64\Release</Filter>
    </ClInclude>
    <ClInclude Include="Vendor\openssl\x64\Release\include\openssl\symhacks.h">
      <Filter>Vendor\openssl\x64\Release</Filter>
    </ClInclude>
    <ClInclude Include="Vendor\openssl\x64\Release\include\openssl\tls1.h">
      <Filter>Vendor\openssl\x64\Release</Filter>
    </ClInclude>
    <ClInclude Include="Vendor\openssl\x64\Release\include\openssl\trace.h">
      <Filter>Vendor\openssl\x64\Release</Filter>
    </ClInclude>
    <ClInclude Include="Vendor\openssl\x64\Release\include\openssl\ts.h">
      <Filter>Vendor\openssl\x64\Release</Filter>
    </ClInclude>
    <ClInclude Include="Vendor\openssl\x64\Release\include\openssl\tserr.h">
      <Filter>Vendor\openssl\x64\Release</Filter>
    </ClInclude>
    <ClInclude Include="Vendor\openssl\x64\Release\include\openssl\txt_db.h">
      <Filter>Vendor\openssl\x64\Release</Filter>
    </ClInclude>
    <ClInclude Include="Vendor\openssl\x64\Release\include\openssl\types.h">
      <Filter>Vendor\openssl\x64\Release</Filter>
    </ClInclude>
    <ClInclude Include="Vendor\openssl\x64\Release\include\openssl\ui.h">
      <Filter>Vendor\openssl\x64\Release</Filter>
    </ClInclude>
    <ClInclude Include="Vendor\openssl\x64\Release\include\openssl\uierr.h">
      <Filter>Vendor\openssl\x64\Release</Filter>
    </ClInclude>
    <ClInclude Include="Vendor\openssl\x64\Release\include\openssl\whrlpool.h">
      <Filter>Vendor\openssl\x64\Release</Filter>
    </ClInclude>
    <ClInclude Include="Vendor\openssl\x64\Release\include\openssl\x509.h">
      <Filter>Vendor\openssl\x64\Release</Filter>
    </ClInclude>
    <ClInclude Include="Vendor\openssl\x64\Release\include\openssl\x509_vfy.h">
      <Filter>Vendor\openssl\x64\Release</Filter>
    </ClInclude>
    <ClInclude Include="Vendor\openssl\x64\Release\include\openssl\x509err.h">
      <Filter>Vendor\openssl\x64\Release</Filter>
    </ClInclude>
    <ClInclude Include="Vendor\openssl\x64\Release\include\openssl\x509v3.h">
      <Filter>Vendor\openssl\x64\Release</Filter>
    </ClInclude>
    <ClInclude Include="Vendor\openssl\x64\Release\include\openssl\x509v3err.h">
      <Filter>Vendor\openssl\x64\Release</Filter>
    </ClInclude>
    <ClInclude Include="Vendor\openssl\x64\Release\include\openssl\__DECC_INCLUDE_EPILOGUE.H">
      <Filter>Vendor\openssl\x64\Release</Filter>
    </ClInclude>
    <ClInclude Include="Vendor\openssl\x64\Release\include\openssl\__DECC_INCLUDE_PROLOGUE.H">
      <Filter>Vendor\openssl\x64\Release</Filter>
    </ClInclude>
    <ClInclude Include="Vendor\openssl\x64\Release\include\openssl\aes.h">
      <Filter>Vendor\openssl\x64\Release</Filter>
    </ClInclude>
    <ClInclude Include="Vendor\openssl\x64\Release\include\openssl\asn1.h">
      <Filter>Vendor\openssl\x64\Release</Filter>
    </ClInclude>
    <ClInclude Include="System\public\crypto.h">
      <Filter>System\public</Filter>
    </ClInclude>
    <ClInclude Include="pch.h" />
    <ClInclude Include="Sandbox\js\public\index.h">
      <Filter>Sandbox\js\public</Filter>
    </ClInclude>
    <ClInclude Include="Sandbox\js\public\vm.h">
      <Filter>Sandbox\js\public</Filter>
    </ClInclude>
    <ClInclude Include="Sandbox\js\public\api.h">
      <Filter>Sandbox\js\public</Filter>
    </ClInclude>
    <ClInclude Include="Vendor\fmod\include\fmod_dsp_effects.h">
      <Filter>Vendor\fmod</Filter>
    </ClInclude>
    <ClInclude Include="Vendor\fmod\include\fmod_errors.h">
      <Filter>Vendor\fmod</Filter>
    </ClInclude>
    <ClInclude Include="Vendor\fmod\include\fmod_output.h">
      <Filter>Vendor\fmod</Filter>
    </ClInclude>
    <ClInclude Include="Vendor\fmod\include\fmod.h">
      <Filter>Vendor\fmod</Filter>
    </ClInclude>
    <ClInclude Include="Vendor\fmod\include\fmod.hpp">
      <Filter>Vendor\fmod</Filter>
    </ClInclude>
    <ClInclude Include="Vendor\fmod\include\fmod_codec.h">
      <Filter>Vendor\fmod</Filter>
    </ClInclude>
    <ClInclude Include="Vendor\fmod\include\fmod_common.h">
      <Filter>Vendor\fmod</Filter>
    </ClInclude>
    <ClInclude Include="Vendor\fmod\include\fmod_dsp.h">
      <Filter>Vendor\fmod</Filter>
    </ClInclude>
    <ClInclude Include="System\public\audio.h">
      <Filter>System\public</Filter>
    </ClInclude>
    <ClInclude Include="Type\public\index.h">
      <Filter>Type\public</Filter>
    </ClInclude>
    <ClInclude Include="Type\public\math.h">
      <Filter>Type\public</Filter>
    </ClInclude>
    <ClInclude Include="Type\public\audio.h">
      <Filter>Type\public</Filter>
    </ClInclude>
  </ItemGroup>
</Project>